# This file is autogenerated, do not edit; changes may be undone by the next 'dep ensure'.


[[projects]]
  branch = "master"
  name = "github.com/therecipe/qt"
  packages = [
    ".",
    "core",
    "gui",
    "widgets"
  ]
  revision = "7038382d6c7bb5fd3957df56bbedf8ec4ca6b67c"

[solve-meta]
  analyzer-name = "dep"
  analyzer-version = 1
  inputs-digest = "0999bbbd2d9c80012d47fd08cf172d8806e11703caf6074da5da24dd47ccefb0"
  solver-name = "gps-cdcl"
  solver-version = 1
