// !$*UTF8*$!
{
	archiveVersion = 1;
	classes = {
	};
	objectVersion = 50;
	objects = {

/* Begin PBXBuildFile section */
		61D5CF66695FBAF91CBBD3D1 /* Pods_FirebaseSample.framework in Frameworks */ = {isa = PBXBuildFile; fileRef = 939DCE79A5DC67F53CCE4464 /* Pods_FirebaseSample.framework */; };
		76B1DBF2C93910D588CF4361 /* Pods_FirebaseSampleTests.framework in Frameworks */ = {isa = PBXBuildFile; fileRef = 32542D1C9ABBF9B856B7E9E1 /* Pods_FirebaseSampleTests.framework */; };
		CCB4593D05941F607484FE46 /* Pods_FirebaseSampleUITests.framework in Frameworks */ = {isa = PBXBuildFile; fileRef = 2ED8E07AEF5BB6666745EA1F /* Pods_FirebaseSampleUITests.framework */; };
		E540BF4D2206C6D900004C69 /* LoginController.swift in Sources */ = {isa = PBXBuildFile; fileRef = E540BF4C2206C6D900004C69 /* LoginController.swift */; };
		E540BF4F2206D3C500004C69 /* GoogleService-Info.plist in Resources */ = {isa = PBXBuildFile; fileRef = E540BF4E2206D3C500004C69 /* GoogleService-Info.plist */; };
		E5F4178321FD6B2600614887 /* AppDelegate.swift in Sources */ = {isa = PBXBuildFile; fileRef = E5F4178221FD6B2600614887 /* AppDelegate.swift */; };
		E5F4178521FD6B2600614887 /* ViewController.swift in Sources */ = {isa = PBXBuildFile; fileRef = E5F4178421FD6B2600614887 /* ViewController.swift */; };
		E5F4178821FD6B2600614887 /* Main.storyboard in Resources */ = {isa = PBXBuildFile; fileRef = E5F4178621FD6B2600614887 /* Main.storyboard */; };
		E5F4178B21FD6B2600614887 /* FirebaseSample.xcdatamodeld in Sources */ = {isa = PBXBuildFile; fileRef = E5F4178921FD6B2600614887 /* FirebaseSample.xcdatamodeld */; };
		E5F4178D21FD6B2700614887 /* Assets.xcassets in Resources */ = {isa = PBXBuildFile; fileRef = E5F4178C21FD6B2700614887 /* Assets.xcassets */; };
		E5F4179021FD6B2700614887 /* LaunchScreen.storyboard in Resources */ = {isa = PBXBuildFile; fileRef = E5F4178E21FD6B2700614887 /* LaunchScreen.storyboard */; };
		E5F4179B21FD6B2700614887 /* FirebaseSampleTests.swift in Sources */ = {isa = PBXBuildFile; fileRef = E5F4179A21FD6B2700614887 /* FirebaseSampleTests.swift */; };
		E5F417A621FD6B2700614887 /* FirebaseSampleUITests.swift in Sources */ = {isa = PBXBuildFile; fileRef = E5F417A521FD6B2700614887 /* FirebaseSampleUITests.swift */; };
/* End PBXBuildFile section */

/* Begin PBXContainerItemProxy section */
		E5F4179721FD6B2700614887 /* PBXContainerItemProxy */ = {
			isa = PBXContainerItemProxy;
			containerPortal = E5F4177721FD6B2600614887 /* Project object */;
			proxyType = 1;
			remoteGlobalIDString = E5F4177E21FD6B2600614887;
			remoteInfo = FirebaseSample;
		};
		E5F417A221FD6B2700614887 /* PBXContainerItemProxy */ = {
			isa = PBXContainerItemProxy;
			containerPortal = E5F4177721FD6B2600614887 /* Project object */;
			proxyType = 1;
			remoteGlobalIDString = E5F4177E21FD6B2600614887;
			remoteInfo = FirebaseSample;
		};
/* End PBXContainerItemProxy section */

/* Begin PBXFileReference section */
		09CD7A1480D3D3D1D974B8D8 /* Pods-FirebaseSampleUITests.release.xcconfig */ = {isa = PBXFileReference; includeInIndex = 1; lastKnownFileType = text.xcconfig; name = "Pods-FirebaseSampleUITests.release.xcconfig"; path = "Pods/Target Support Files/Pods-FirebaseSampleUITests/Pods-FirebaseSampleUITests.release.xcconfig"; sourceTree = "<group>"; };
		0D42C357C466099EBCBE17FC /* Pods-FirebaseSampleTests.release.xcconfig */ = {isa = PBXFileReference; includeInIndex = 1; lastKnownFileType = text.xcconfig; name = "Pods-FirebaseSampleTests.release.xcconfig"; path = "Pods/Target Support Files/Pods-FirebaseSampleTests/Pods-FirebaseSampleTests.release.xcconfig"; sourceTree = "<group>"; };
		2ED8E07AEF5BB6666745EA1F /* Pods_FirebaseSampleUITests.framework */ = {isa = PBXFileReference; explicitFileType = wrapper.framework; includeInIndex = 0; path = Pods_FirebaseSampleUITests.framework; sourceTree = BUILT_PRODUCTS_DIR; };
		32542D1C9ABBF9B856B7E9E1 /* Pods_FirebaseSampleTests.framework */ = {isa = PBXFileReference; explicitFileType = wrapper.framework; includeInIndex = 0; path = Pods_FirebaseSampleTests.framework; sourceTree = BUILT_PRODUCTS_DIR; };
		6F11252B3683E68255D3C2ED /* Pods-FirebaseSampleTests.debug.xcconfig */ = {isa = PBXFileReference; includeInIndex = 1; lastKnownFileType = text.xcconfig; name = "Pods-FirebaseSampleTests.debug.xcconfig"; path = "Pods/Target Support Files/Pods-FirebaseSampleTests/Pods-FirebaseSampleTests.debug.xcconfig"; sourceTree = "<group>"; };
		939DCE79A5DC67F53CCE4464 /* Pods_FirebaseSample.framework */ = {isa = PBXFileReference; explicitFileType = wrapper.framework; includeInIndex = 0; path = Pods_FirebaseSample.framework; sourceTree = BUILT_PRODUCTS_DIR; };
		C86B8DF14E50919183CA39FD /* Pods-FirebaseSampleUITests.debug.xcconfig */ = {isa = PBXFileReference; includeInIndex = 1; lastKnownFileType = text.xcconfig; name = "Pods-FirebaseSampleUITests.debug.xcconfig"; path = "Pods/Target Support Files/Pods-FirebaseSampleUITests/Pods-FirebaseSampleUITests.debug.xcconfig"; sourceTree = "<group>"; };
		E540BF4C2206C6D900004C69 /* LoginController.swift */ = {isa = PBXFileReference; lastKnownFileType = sourcecode.swift; path = LoginController.swift; sourceTree = "<group>"; };
		E540BF4E2206D3C500004C69 /* GoogleService-Info.plist */ = {isa = PBXFileReference; fileEncoding = 4; lastKnownFileType = text.plist.xml; path = "GoogleService-Info.plist"; sourceTree = "<group>"; };
		E5F4177F21FD6B2600614887 /* FirebaseSample.app */ = {isa = PBXFileReference; explicitFileType = wrapper.application; includeInIndex = 0; path = FirebaseSample.app; sourceTree = BUILT_PRODUCTS_DIR; };
		E5F4178221FD6B2600614887 /* AppDelegate.swift */ = {isa = PBXFileReference; lastKnownFileType = sourcecode.swift; path = AppDelegate.swift; sourceTree = "<group>"; };
		E5F4178421FD6B2600614887 /* ViewController.swift */ = {isa = PBXFileReference; lastKnownFileType = sourcecode.swift; path = ViewController.swift; sourceTree = "<group>"; };
		E5F4178721FD6B2600614887 /* Base */ = {isa = PBXFileReference; lastKnownFileType = file.storyboard; name = Base; path = Base.lproj/Main.storyboard; sourceTree = "<group>"; };
		E5F4178A21FD6B2600614887 /* FirebaseSample.xcdatamodel */ = {isa = PBXFileReference; lastKnownFileType = wrapper.xcdatamodel; path = FirebaseSample.xcdatamodel; sourceTree = "<group>"; };
		E5F4178C21FD6B2700614887 /* Assets.xcassets */ = {isa = PBXFileReference; lastKnownFileType = folder.assetcatalog; path = Assets.xcassets; sourceTree = "<group>"; };
		E5F4178F21FD6B2700614887 /* Base */ = {isa = PBXFileReference; lastKnownFileType = file.storyboard; name = Base; path = Base.lproj/LaunchScreen.storyboard; sourceTree = "<group>"; };
		E5F4179121FD6B2700614887 /* Info.plist */ = {isa = PBXFileReference; lastKnownFileType = text.plist.xml; path = Info.plist; sourceTree = "<group>"; };
		E5F4179621FD6B2700614887 /* FirebaseSampleTests.xctest */ = {isa = PBXFileReference; explicitFileType = wrapper.cfbundle; includeInIndex = 0; path = FirebaseSampleTests.xctest; sourceTree = BUILT_PRODUCTS_DIR; };
		E5F4179A21FD6B2700614887 /* FirebaseSampleTests.swift */ = {isa = PBXFileReference; lastKnownFileType = sourcecode.swift; path = FirebaseSampleTests.swift; sourceTree = "<group>"; };
		E5F4179C21FD6B2700614887 /* Info.plist */ = {isa = PBXFileReference; lastKnownFileType = text.plist.xml; path = Info.plist; sourceTree = "<group>"; };
		E5F417A121FD6B2700614887 /* FirebaseSampleUITests.xctest */ = {isa = PBXFileReference; explicitFileType = wrapper.cfbundle; includeInIndex = 0; path = FirebaseSampleUITests.xctest; sourceTree = BUILT_PRODUCTS_DIR; };
		E5F417A521FD6B2700614887 /* FirebaseSampleUITests.swift */ = {isa = PBXFileReference; lastKnownFileType = sourcecode.swift; path = FirebaseSampleUITests.swift; sourceTree = "<group>"; };
		E5F417A721FD6B2700614887 /* Info.plist */ = {isa = PBXFileReference; lastKnownFileType = text.plist.xml; path = Info.plist; sourceTree = "<group>"; };
		E9CA5D9B7097F999C75660AE /* Pods-FirebaseSample.release.xcconfig */ = {isa = PBXFileReference; includeInIndex = 1; lastKnownFileType = text.xcconfig; name = "Pods-FirebaseSample.release.xcconfig"; path = "Pods/Target Support Files/Pods-FirebaseSample/Pods-FirebaseSample.release.xcconfig"; sourceTree = "<group>"; };
		EDB9A1F61B155758BDE38AE2 /* Pods-FirebaseSample.debug.xcconfig */ = {isa = PBXFileReference; includeInIndex = 1; lastKnownFileType = text.xcconfig; name = "Pods-FirebaseSample.debug.xcconfig"; path = "Pods/Target Support Files/Pods-FirebaseSample/Pods-FirebaseSample.debug.xcconfig"; sourceTree = "<group>"; };
/* End PBXFileReference section */

/* Begin PBXFrameworksBuildPhase section */
		E5F4177C21FD6B2600614887 /* Frameworks */ = {
			isa = PBXFrameworksBuildPhase;
			buildActionMask = 2147483647;
			files = (
				61D5CF66695FBAF91CBBD3D1 /* Pods_FirebaseSample.framework in Frameworks */,
			);
			runOnlyForDeploymentPostprocessing = 0;
		};
		E5F4179321FD6B2700614887 /* Frameworks */ = {
			isa = PBXFrameworksBuildPhase;
			buildActionMask = 2147483647;
			files = (
				76B1DBF2C93910D588CF4361 /* Pods_FirebaseSampleTests.framework in Frameworks */,
			);
			runOnlyForDeploymentPostprocessing = 0;
		};
		E5F4179E21FD6B2700614887 /* Frameworks */ = {
			isa = PBXFrameworksBuildPhase;
			buildActionMask = 2147483647;
			files = (
				CCB4593D05941F607484FE46 /* Pods_FirebaseSampleUITests.framework in Frameworks */,
			);
			runOnlyForDeploymentPostprocessing = 0;
		};
/* End PBXFrameworksBuildPhase section */

/* Begin PBXGroup section */
		3E36C047686328851886F08E /* Pods */ = {
			isa = PBXGroup;
			children = (
				EDB9A1F61B155758BDE38AE2 /* Pods-FirebaseSample.debug.xcconfig */,
				E9CA5D9B7097F999C75660AE /* Pods-FirebaseSample.release.xcconfig */,
				6F11252B3683E68255D3C2ED /* Pods-FirebaseSampleTests.debug.xcconfig */,
				0D42C357C466099EBCBE17FC /* Pods-FirebaseSampleTests.release.xcconfig */,
				C86B8DF14E50919183CA39FD /* Pods-FirebaseSampleUITests.debug.xcconfig */,
				09CD7A1480D3D3D1D974B8D8 /* Pods-FirebaseSampleUITests.release.xcconfig */,
			);
			name = Pods;
			sourceTree = "<group>";
		};
		DF356CFD1BFDE13E3CED49E0 /* Frameworks */ = {
			isa = PBXGroup;
			children = (
				939DCE79A5DC67F53CCE4464 /* Pods_FirebaseSample.framework */,
				32542D1C9ABBF9B856B7E9E1 /* Pods_FirebaseSampleTests.framework */,
				2ED8E07AEF5BB6666745EA1F /* Pods_FirebaseSampleUITests.framework */,
			);
			name = Frameworks;
			sourceTree = "<group>";
		};
		E5F4177621FD6B2600614887 = {
			isa = PBXGroup;
			children = (
				E5F4178121FD6B2600614887 /* FirebaseSample */,
				E5F4179921FD6B2700614887 /* FirebaseSampleTests */,
				E5F417A421FD6B2700614887 /* FirebaseSampleUITests */,
				E5F4178021FD6B2600614887 /* Products */,
				3E36C047686328851886F08E /* Pods */,
				DF356CFD1BFDE13E3CED49E0 /* Frameworks */,
			);
			sourceTree = "<group>";
		};
		E5F4178021FD6B2600614887 /* Products */ = {
			isa = PBXGroup;
			children = (
				E5F4177F21FD6B2600614887 /* FirebaseSample.app */,
				E5F4179621FD6B2700614887 /* FirebaseSampleTests.xctest */,
				E5F417A121FD6B2700614887 /* FirebaseSampleUITests.xctest */,
			);
			name = Products;
			sourceTree = "<group>";
		};
		E5F4178121FD6B2600614887 /* FirebaseSample */ = {
			isa = PBXGroup;
			children = (
				E540BF4E2206D3C500004C69 /* GoogleService-Info.plist */,
				E5F4178221FD6B2600614887 /* AppDelegate.swift */,
				E5F4178421FD6B2600614887 /* ViewController.swift */,
				E5F4178621FD6B2600614887 /* Main.storyboard */,
				E5F4178C21FD6B2700614887 /* Assets.xcassets */,
				E5F4178E21FD6B2700614887 /* LaunchScreen.storyboard */,
				E5F4179121FD6B2700614887 /* Info.plist */,
				E5F4178921FD6B2600614887 /* FirebaseSample.xcdatamodeld */,
				E540BF4C2206C6D900004C69 /* LoginController.swift */,
			);
			path = FirebaseSample;
			sourceTree = "<group>";
		};
		E5F4179921FD6B2700614887 /* FirebaseSampleTests */ = {
			isa = PBXGroup;
			children = (
				E5F4179A21FD6B2700614887 /* FirebaseSampleTests.swift */,
				E5F4179C21FD6B2700614887 /* Info.plist */,
			);
			path = FirebaseSampleTests;
			sourceTree = "<group>";
		};
		E5F417A421FD6B2700614887 /* FirebaseSampleUITests */ = {
			isa = PBXGroup;
			children = (
				E5F417A521FD6B2700614887 /* FirebaseSampleUITests.swift */,
				E5F417A721FD6B2700614887 /* Info.plist */,
			);
			path = FirebaseSampleUITests;
			sourceTree = "<group>";
		};
/* End PBXGroup section */

/* Begin PBXNativeTarget section */
		E5F4177E21FD6B2600614887 /* FirebaseSample */ = {
			isa = PBXNativeTarget;
			buildConfigurationList = E5F417AA21FD6B2700614887 /* Build configuration list for PBXNativeTarget "FirebaseSample" */;
			buildPhases = (
				CDF9B41A40B9AE90621DC819 /* [CP] Check Pods Manifest.lock */,
				E5F4177B21FD6B2600614887 /* Sources */,
				E5F4177C21FD6B2600614887 /* Frameworks */,
				E5F4177D21FD6B2600614887 /* Resources */,
				4E86AF794849029D5F0E7A0A /* [CP] Embed Pods Frameworks */,
			);
			buildRules = (
			);
			dependencies = (
			);
			name = FirebaseSample;
			productName = FirebaseSample;
			productReference = E5F4177F21FD6B2600614887 /* FirebaseSample.app */;
			productType = "com.apple.product-type.application";
		};
		E5F4179521FD6B2700614887 /* FirebaseSampleTests */ = {
			isa = PBXNativeTarget;
			buildConfigurationList = E5F417AD21FD6B2700614887 /* Build configuration list for PBXNativeTarget "FirebaseSampleTests" */;
			buildPhases = (
				3119328ABEC575B8D03FFEBF /* [CP] Check Pods Manifest.lock */,
				E5F4179221FD6B2700614887 /* Sources */,
				E5F4179321FD6B2700614887 /* Frameworks */,
				E5F4179421FD6B2700614887 /* Resources */,
			);
			buildRules = (
			);
			dependencies = (
				E5F4179821FD6B2700614887 /* PBXTargetDependency */,
			);
			name = FirebaseSampleTests;
			productName = FirebaseSampleTests;
			productReference = E5F4179621FD6B2700614887 /* FirebaseSampleTests.xctest */;
			productType = "com.apple.product-type.bundle.unit-test";
		};
		E5F417A021FD6B2700614887 /* FirebaseSampleUITests */ = {
			isa = PBXNativeTarget;
			buildConfigurationList = E5F417B021FD6B2700614887 /* Build configuration list for PBXNativeTarget "FirebaseSampleUITests" */;
			buildPhases = (
				E69B1A42CE62015C91B341B4 /* [CP] Check Pods Manifest.lock */,
				E5F4179D21FD6B2700614887 /* Sources */,
				E5F4179E21FD6B2700614887 /* Frameworks */,
				E5F4179F21FD6B2700614887 /* Resources */,
			);
			buildRules = (
			);
			dependencies = (
				E5F417A321FD6B2700614887 /* PBXTargetDependency */,
			);
			name = FirebaseSampleUITests;
			productName = FirebaseSampleUITests;
			productReference = E5F417A121FD6B2700614887 /* FirebaseSampleUITests.xctest */;
			productType = "com.apple.product-type.bundle.ui-testing";
		};
/* End PBXNativeTarget section */

/* Begin PBXProject section */
		E5F4177721FD6B2600614887 /* Project object */ = {
			isa = PBXProject;
			attributes = {
				LastSwiftUpdateCheck = 1010;
				LastUpgradeCheck = 1010;
				ORGANIZATIONNAME = "Tomoyuki Tsujimoto";
				TargetAttributes = {
					E5F4177E21FD6B2600614887 = {
						CreatedOnToolsVersion = 10.1;
					};
					E5F4179521FD6B2700614887 = {
						CreatedOnToolsVersion = 10.1;
						TestTargetID = E5F4177E21FD6B2600614887;
					};
					E5F417A021FD6B2700614887 = {
						CreatedOnToolsVersion = 10.1;
						TestTargetID = E5F4177E21FD6B2600614887;
					};
				};
			};
			buildConfigurationList = E5F4177A21FD6B2600614887 /* Build configuration list for PBXProject "FirebaseSample" */;
			compatibilityVersion = "Xcode 9.3";
			developmentRegion = en;
			hasScannedForEncodings = 0;
			knownRegions = (
				en,
				Base,
			);
			mainGroup = E5F4177621FD6B2600614887;
			productRefGroup = E5F4178021FD6B2600614887 /* Products */;
			projectDirPath = "";
			projectRoot = "";
			targets = (
				E5F4177E21FD6B2600614887 /* FirebaseSample */,
				E5F4179521FD6B2700614887 /* FirebaseSampleTests */,
				E5F417A021FD6B2700614887 /* FirebaseSampleUITests */,
			);
		};
/* End PBXProject section */

/* Begin PBXResourcesBuildPhase section */
		E5F4177D21FD6B2600614887 /* Resources */ = {
			isa = PBXResourcesBuildPhase;
			buildActionMask = 2147483647;
			files = (
				E5F4179021FD6B2700614887 /* LaunchScreen.storyboard in Resources */,
				E540BF4F2206D3C500004C69 /* GoogleService-Info.plist in Resources */,
				E5F4178D21FD6B2700614887 /* Assets.xcassets in Resources */,
				E5F4178821FD6B2600614887 /* Main.storyboard in Resources */,
			);
			runOnlyForDeploymentPostprocessing = 0;
		};
		E5F4179421FD6B2700614887 /* Resources */ = {
			isa = PBXResourcesBuildPhase;
			buildActionMask = 2147483647;
			files = (
			);
			runOnlyForDeploymentPostprocessing = 0;
		};
		E5F4179F21FD6B2700614887 /* Resources */ = {
			isa = PBXResourcesBuildPhase;
			buildActionMask = 2147483647;
			files = (
			);
			runOnlyForDeploymentPostprocessing = 0;
		};
/* End PBXResourcesBuildPhase section */

/* Begin PBXShellScriptBuildPhase section */
		3119328ABEC575B8D03FFEBF /* [CP] Check Pods Manifest.lock */ = {
			isa = PBXShellScriptBuildPhase;
			buildActionMask = 2147483647;
			files = (
			);
			inputFileListPaths = (
			);
			inputPaths = (
				"${PODS_PODFILE_DIR_PATH}/Podfile.lock",
				"${PODS_ROOT}/Manifest.lock",
			);
			name = "[CP] Check Pods Manifest.lock";
			outputFileListPaths = (
			);
			outputPaths = (
				"$(DERIVED_FILE_DIR)/Pods-FirebaseSampleTests-checkManifestLockResult.txt",
			);
			runOnlyForDeploymentPostprocessing = 0;
			shellPath = /bin/sh;
			shellScript = "diff \"${PODS_PODFILE_DIR_PATH}/Podfile.lock\" \"${PODS_ROOT}/Manifest.lock\" > /dev/null\nif [ $? != 0 ] ; then\n    # print error to STDERR\n    echo \"error: The sandbox is not in sync with the Podfile.lock. Run 'pod install' or update your CocoaPods installation.\" >&2\n    exit 1\nfi\n# This output is used by Xcode 'outputs' to avoid re-running this script phase.\necho \"SUCCESS\" > \"${SCRIPT_OUTPUT_FILE_0}\"\n";
			showEnvVarsInLog = 0;
		};
		4E86AF794849029D5F0E7A0A /* [CP] Embed Pods Frameworks */ = {
			isa = PBXShellScriptBuildPhase;
			buildActionMask = 2147483647;
			files = (
			);
			inputFileListPaths = (
			);
			inputPaths = (
				"${SRCROOT}/Pods/Target Support Files/Pods-FirebaseSample/Pods-FirebaseSample-frameworks.sh",
				"${BUILT_PRODUCTS_DIR}/BoringSSL-GRPC/openssl_grpc.framework",
				"${BUILT_PRODUCTS_DIR}/GTMSessionFetcher/GTMSessionFetcher.framework",
				"${BUILT_PRODUCTS_DIR}/GoogleUtilities/GoogleUtilities.framework",
				"${BUILT_PRODUCTS_DIR}/Protobuf/Protobuf.framework",
				"${BUILT_PRODUCTS_DIR}/gRPC-C++/grpcpp.framework",
				"${BUILT_PRODUCTS_DIR}/gRPC-Core/grpc.framework",
				"${BUILT_PRODUCTS_DIR}/leveldb-library/leveldb.framework",
				"${BUILT_PRODUCTS_DIR}/nanopb/nanopb.framework",
			);
			name = "[CP] Embed Pods Frameworks";
			outputFileListPaths = (
			);
			outputPaths = (
				"${TARGET_BUILD_DIR}/${FRAMEWORKS_FOLDER_PATH}/openssl_grpc.framework",
				"${TARGET_BUILD_DIR}/${FRAMEWORKS_FOLDER_PATH}/GTMSessionFetcher.framework",
				"${TARGET_BUILD_DIR}/${FRAMEWORKS_FOLDER_PATH}/GoogleUtilities.framework",
				"${TARGET_BUILD_DIR}/${FRAMEWORKS_FOLDER_PATH}/Protobuf.framework",
				"${TARGET_BUILD_DIR}/${FRAMEWORKS_FOLDER_PATH}/grpcpp.framework",
				"${TARGET_BUILD_DIR}/${FRAMEWORKS_FOLDER_PATH}/grpc.framework",
				"${TARGET_BUILD_DIR}/${FRAMEWORKS_FOLDER_PATH}/leveldb.framework",
				"${TARGET_BUILD_DIR}/${FRAMEWORKS_FOLDER_PATH}/nanopb.framework",
			);
			runOnlyForDeploymentPostprocessing = 0;
			shellPath = /bin/sh;
			shellScript = "\"${SRCROOT}/Pods/Target Support Files/Pods-FirebaseSample/Pods-FirebaseSample-frameworks.sh\"\n";
			showEnvVarsInLog = 0;
		};
		CDF9B41A40B9AE90621DC819 /* [CP] Check Pods Manifest.lock */ = {
			isa = PBXShellScriptBuildPhase;
			buildActionMask = 2147483647;
			files = (
			);
			inputFileListPaths = (
			);
			inputPaths = (
				"${PODS_PODFILE_DIR_PATH}/Podfile.lock",
				"${PODS_ROOT}/Manifest.lock",
			);
			name = "[CP] Check Pods Manifest.lock";
			outputFileListPaths = (
			);
			outputPaths = (
				"$(DERIVED_FILE_DIR)/Pods-FirebaseSample-checkManifestLockResult.txt",
			);
			runOnlyForDeploymentPostprocessing = 0;
			shellPath = /bin/sh;
			shellScript = "diff \"${PODS_PODFILE_DIR_PATH}/Podfile.lock\" \"${PODS_ROOT}/Manifest.lock\" > /dev/null\nif [ $? != 0 ] ; then\n    # print error to STDERR\n    echo \"error: The sandbox is not in sync with the Podfile.lock. Run 'pod install' or update your CocoaPods installation.\" >&2\n    exit 1\nfi\n# This output is used by Xcode 'outputs' to avoid re-running this script phase.\necho \"SUCCESS\" > \"${SCRIPT_OUTPUT_FILE_0}\"\n";
			showEnvVarsInLog = 0;
		};
		E69B1A42CE62015C91B341B4 /* [CP] Check Pods Manifest.lock */ = {
			isa = PBXShellScriptBuildPhase;
			buildActionMask = 2147483647;
			files = (
			);
			inputFileListPaths = (
			);
			inputPaths = (
				"${PODS_PODFILE_DIR_PATH}/Podfile.lock",
				"${PODS_ROOT}/Manifest.lock",
			);
			name = "[CP] Check Pods Manifest.lock";
			outputFileListPaths = (
			);
			outputPaths = (
				"$(DERIVED_FILE_DIR)/Pods-FirebaseSampleUITests-checkManifestLockResult.txt",
			);
			runOnlyForDeploymentPostprocessing = 0;
			shellPath = /bin/sh;
			shellScript = "diff \"${PODS_PODFILE_DIR_PATH}/Podfile.lock\" \"${PODS_ROOT}/Manifest.lock\" > /dev/null\nif [ $? != 0 ] ; then\n    # print error to STDERR\n    echo \"error: The sandbox is not in sync with the Podfile.lock. Run 'pod install' or update your CocoaPods installation.\" >&2\n    exit 1\nfi\n# This output is used by Xcode 'outputs' to avoid re-running this script phase.\necho \"SUCCESS\" > \"${SCRIPT_OUTPUT_FILE_0}\"\n";
			showEnvVarsInLog = 0;
		};
/* End PBXShellScriptBuildPhase section */

/* Begin PBXSourcesBuildPhase section */
		E5F4177B21FD6B2600614887 /* Sources */ = {
			isa = PBXSourcesBuildPhase;
			buildActionMask = 2147483647;
			files = (
				E5F4178521FD6B2600614887 /* ViewController.swift in Sources */,
				E540BF4D2206C6D900004C69 /* LoginController.swift in Sources */,
				E5F4178B21FD6B2600614887 /* FirebaseSample.xcdatamodeld in Sources */,
				E5F4178321FD6B2600614887 /* AppDelegate.swift in Sources */,
			);
			runOnlyForDeploymentPostprocessing = 0;
		};
		E5F4179221FD6B2700614887 /* Sources */ = {
			isa = PBXSourcesBuildPhase;
			buildActionMask = 2147483647;
			files = (
				E5F4179B21FD6B2700614887 /* FirebaseSampleTests.swift in Sources */,
			);
			runOnlyForDeploymentPostprocessing = 0;
		};
		E5F4179D21FD6B2700614887 /* Sources */ = {
			isa = PBXSourcesBuildPhase;
			buildActionMask = 2147483647;
			files = (
				E5F417A621FD6B2700614887 /* FirebaseSampleUITests.swift in Sources */,
			);
			runOnlyForDeploymentPostprocessing = 0;
		};
/* End PBXSourcesBuildPhase section */

/* Begin PBXTargetDependency section */
		E5F4179821FD6B2700614887 /* PBXTargetDependency */ = {
			isa = PBXTargetDependency;
			target = E5F4177E21FD6B2600614887 /* FirebaseSample */;
			targetProxy = E5F4179721FD6B2700614887 /* PBXContainerItemProxy */;
		};
		E5F417A321FD6B2700614887 /* PBXTargetDependency */ = {
			isa = PBXTargetDependency;
			target = E5F4177E21FD6B2600614887 /* FirebaseSample */;
			targetProxy = E5F417A221FD6B2700614887 /* PBXContainerItemProxy */;
		};
/* End PBXTargetDependency section */

/* Begin PBXVariantGroup section */
		E5F4178621FD6B2600614887 /* Main.storyboard */ = {
			isa = PBXVariantGroup;
			children = (
				E5F4178721FD6B2600614887 /* Base */,
			);
			name = Main.storyboard;
			sourceTree = "<group>";
		};
		E5F4178E21FD6B2700614887 /* LaunchScreen.storyboard */ = {
			isa = PBXVariantGroup;
			children = (
				E5F4178F21FD6B2700614887 /* Base */,
			);
			name = LaunchScreen.storyboard;
			sourceTree = "<group>";
		};
/* End PBXVariantGroup section */

/* Begin XCBuildConfiguration section */
		E5F417A821FD6B2700614887 /* Debug */ = {
			isa = XCBuildConfiguration;
			buildSettings = {
				ALWAYS_SEARCH_USER_PATHS = NO;
				CLANG_ANALYZER_NONNULL = YES;
				CLANG_ANALYZER_NUMBER_OBJECT_CONVERSION = YES_AGGRESSIVE;
				CLANG_CXX_LANGUAGE_STANDARD = "gnu++14";
				CLANG_CXX_LIBRARY = "libc++";
				CLANG_ENABLE_MODULES = YES;
				CLANG_ENABLE_OBJC_ARC = YES;
				CLANG_ENABLE_OBJC_WEAK = YES;
				CLANG_WARN_BLOCK_CAPTURE_AUTORELEASING = YES;
				CLANG_WARN_BOOL_CONVERSION = YES;
				CLANG_WARN_COMMA = YES;
				CLANG_WARN_CONSTANT_CONVERSION = YES;
				CLANG_WARN_DEPRECATED_OBJC_IMPLEMENTATIONS = YES;
				CLANG_WARN_DIRECT_OBJC_ISA_USAGE = YES_ERROR;
				CLANG_WARN_DOCUMENTATION_COMMENTS = YES;
				CLANG_WARN_EMPTY_BODY = YES;
				CLANG_WARN_ENUM_CONVERSION = YES;
				CLANG_WARN_INFINITE_RECURSION = YES;
				CLANG_WARN_INT_CONVERSION = YES;
				CLANG_WARN_NON_LITERAL_NULL_CONVERSION = YES;
				CLANG_WARN_OBJC_IMPLICIT_RETAIN_SELF = YES;
				CLANG_WARN_OBJC_LITERAL_CONVERSION = YES;
				CLANG_WARN_OBJC_ROOT_CLASS = YES_ERROR;
				CLANG_WARN_RANGE_LOOP_ANALYSIS = YES;
				CLANG_WARN_STRICT_PROTOTYPES = YES;
				CLANG_WARN_SUSPICIOUS_MOVE = YES;
				CLANG_WARN_UNGUARDED_AVAILABILITY = YES_AGGRESSIVE;
				CLANG_WARN_UNREACHABLE_CODE = YES;
				CLANG_WARN__DUPLICATE_METHOD_MATCH = YES;
				CODE_SIGN_IDENTITY = "iPhone Developer";
				COPY_PHASE_STRIP = NO;
				DEBUG_INFORMATION_FORMAT = dwarf;
				ENABLE_STRICT_OBJC_MSGSEND = YES;
				ENABLE_TESTABILITY = YES;
				GCC_C_LANGUAGE_STANDARD = gnu11;
				GCC_DYNAMIC_NO_PIC = NO;
				GCC_NO_COMMON_BLOCKS = YES;
				GCC_OPTIMIZATION_LEVEL = 0;
				GCC_PREPROCESSOR_DEFINITIONS = (
					"DEBUG=1",
					"$(inherited)",
				);
				GCC_WARN_64_TO_32_BIT_CONVERSION = YES;
				GCC_WARN_ABOUT_RETURN_TYPE = YES_ERROR;
				GCC_WARN_UNDECLARED_SELECTOR = YES;
				GCC_WARN_UNINITIALIZED_AUTOS = YES_AGGRESSIVE;
				GCC_WARN_UNUSED_FUNCTION = YES;
				GCC_WARN_UNUSED_VARIABLE = YES;
				IPHONEOS_DEPLOYMENT_TARGET = 12.1;
				MTL_ENABLE_DEBUG_INFO = INCLUDE_SOURCE;
				MTL_FAST_MATH = YES;
				ONLY_ACTIVE_ARCH = YES;
				SDKROOT = iphoneos;
				SWIFT_ACTIVE_COMPILATION_CONDITIONS = DEBUG;
				SWIFT_OPTIMIZATION_LEVEL = "-Onone";
			};
			name = Debug;
		};
		E5F417A921FD6B2700614887 /* Release */ = {
			isa = XCBuildConfiguration;
			buildSettings = {
				ALWAYS_SEARCH_USER_PATHS = NO;
				CLANG_ANALYZER_NONNULL = YES;
				CLANG_ANALYZER_NUMBER_OBJECT_CONVERSION = YES_AGGRESSIVE;
				CLANG_CXX_LANGUAGE_STANDARD = "gnu++14";
				CLANG_CXX_LIBRARY = "libc++";
				CLANG_ENABLE_MODULES = YES;
				CLANG_ENABLE_OBJC_ARC = YES;
				CLANG_ENABLE_OBJC_WEAK = YES;
				CLANG_WARN_BLOCK_CAPTURE_AUTORELEASING = YES;
				CLANG_WARN_BOOL_CONVERSION = YES;
				CLANG_WARN_COMMA = YES;
				CLANG_WARN_CONSTANT_CONVERSION = YES;
				CLANG_WARN_DEPRECATED_OBJC_IMPLEMENTATIONS = YES;
				CLANG_WARN_DIRECT_OBJC_ISA_USAGE = YES_ERROR;
				CLANG_WARN_DOCUMENTATION_COMMENTS = YES;
				CLANG_WARN_EMPTY_BODY = YES;
				CLANG_WARN_ENUM_CONVERSION = YES;
				CLANG_WARN_INFINITE_RECURSION = YES;
				CLANG_WARN_INT_CONVERSION = YES;
				CLANG_WARN_NON_LITERAL_NULL_CONVERSION = YES;
				CLANG_WARN_OBJC_IMPLICIT_RETAIN_SELF = YES;
				CLANG_WARN_OBJC_LITERAL_CONVERSION = YES;
				CLANG_WARN_OBJC_ROOT_CLASS = YES_ERROR;
				CLANG_WARN_RANGE_LOOP_ANALYSIS = YES;
				CLANG_WARN_STRICT_PROTOTYPES = YES;
				CLANG_WARN_SUSPICIOUS_MOVE = YES;
				CLANG_WARN_UNGUARDED_AVAILABILITY = YES_AGGRESSIVE;
				CLANG_WARN_UNREACHABLE_CODE = YES;
				CLANG_WARN__DUPLICATE_METHOD_MATCH = YES;
				CODE_SIGN_IDENTITY = "iPhone Developer";
				COPY_PHASE_STRIP = NO;
				DEBUG_INFORMATION_FORMAT = "dwarf-with-dsym";
				ENABLE_NS_ASSERTIONS = NO;
				ENABLE_STRICT_OBJC_MSGSEND = YES;
				GCC_C_LANGUAGE_STANDARD = gnu11;
				GCC_NO_COMMON_BLOCKS = YES;
				GCC_WARN_64_TO_32_BIT_CONVERSION = YES;
				GCC_WARN_ABOUT_RETURN_TYPE = YES_ERROR;
				GCC_WARN_UNDECLARED_SELECTOR = YES;
				GCC_WARN_UNINITIALIZED_AUTOS = YES_AGGRESSIVE;
				GCC_WARN_UNUSED_FUNCTION = YES;
				GCC_WARN_UNUSED_VARIABLE = YES;
				IPHONEOS_DEPLOYMENT_TARGET = 12.1;
				MTL_ENABLE_DEBUG_INFO = NO;
				MTL_FAST_MATH = YES;
				SDKROOT = iphoneos;
				SWIFT_COMPILATION_MODE = wholemodule;
				SWIFT_OPTIMIZATION_LEVEL = "-O";
				VALIDATE_PRODUCT = YES;
			};
			name = Release;
		};
		E5F417AB21FD6B2700614887 /* Debug */ = {
			isa = XCBuildConfiguration;
			baseConfigurationReference = EDB9A1F61B155758BDE38AE2 /* Pods-FirebaseSample.debug.xcconfig */;
			buildSettings = {
				ASSETCATALOG_COMPILER_APPICON_NAME = AppIcon;
				CODE_SIGN_STYLE = Automatic;
				DEVELOPMENT_TEAM = N6999D3QVH;
				INFOPLIST_FILE = FirebaseSample/Info.plist;
				LD_RUNPATH_SEARCH_PATHS = (
					"$(inherited)",
					"@executable_path/Frameworks",
				);
				PRODUCT_BUNDLE_IDENTIFIER = com.example.FirebaseSample;
				PRODUCT_NAME = "$(TARGET_NAME)";
				SWIFT_VERSION = 4.2;
				TARGETED_DEVICE_FAMILY = "1,2";
			};
			name = Debug;
		};
		E5F417AC21FD6B2700614887 /* Release */ = {
			isa = XCBuildConfiguration;
			baseConfigurationReference = E9CA5D9B7097F999C75660AE /* Pods-FirebaseSample.release.xcconfig */;
			buildSettings = {
				ASSETCATALOG_COMPILER_APPICON_NAME = AppIcon;
				CODE_SIGN_STYLE = Automatic;
				DEVELOPMENT_TEAM = N6999D3QVH;
				INFOPLIST_FILE = FirebaseSample/Info.plist;
				LD_RUNPATH_SEARCH_PATHS = (
					"$(inherited)",
					"@executable_path/Frameworks",
				);
				PRODUCT_BUNDLE_IDENTIFIER = com.example.FirebaseSample;
				PRODUCT_NAME = "$(TARGET_NAME)";
				SWIFT_VERSION = 4.2;
				TARGETED_DEVICE_FAMILY = "1,2";
			};
			name = Release;
		};
		E5F417AE21FD6B2700614887 /* Debug */ = {
			isa = XCBuildConfiguration;
			baseConfigurationReference = 6F11252B3683E68255D3C2ED /* Pods-FirebaseSampleTests.debug.xcconfig */;
			buildSettings = {
				ALWAYS_EMBED_SWIFT_STANDARD_LIBRARIES = YES;
				BUNDLE_LOADER = "$(TEST_HOST)";
				CODE_SIGN_STYLE = Automatic;
				DEVELOPMENT_TEAM = N6999D3QVH;
				INFOPLIST_FILE = FirebaseSampleTests/Info.plist;
				LD_RUNPATH_SEARCH_PATHS = (
					"$(inherited)",
					"@executable_path/Frameworks",
					"@loader_path/Frameworks",
				);
				PRODUCT_BUNDLE_IDENTIFIER = com.example.FirebaseSampleTests;
				PRODUCT_NAME = "$(TARGET_NAME)";
				SWIFT_VERSION = 4.2;
				TARGETED_DEVICE_FAMILY = "1,2";
				TEST_HOST = "$(BUILT_PRODUCTS_DIR)/FirebaseSample.app/FirebaseSample";
			};
			name = Debug;
		};
		E5F417AF21FD6B2700614887 /* Release */ = {
			isa = XCBuildConfiguration;
			baseConfigurationReference = 0D42C357C466099EBCBE17FC /* Pods-FirebaseSampleTests.release.xcconfig */;
			buildSettings = {
				ALWAYS_EMBED_SWIFT_STANDARD_LIBRARIES = YES;
				BUNDLE_LOADER = "$(TEST_HOST)";
				CODE_SIGN_STYLE = Automatic;
				DEVELOPMENT_TEAM = N6999D3QVH;
				INFOPLIST_FILE = FirebaseSampleTests/Info.plist;
				LD_RUNPATH_SEARCH_PATHS = (
					"$(inherited)",
					"@executable_path/Frameworks",
					"@loader_path/Frameworks",
				);
				PRODUCT_BUNDLE_IDENTIFIER = com.example.FirebaseSampleTests;
				PRODUCT_NAME = "$(TARGET_NAME)";
				SWIFT_VERSION = 4.2;
				TARGETED_DEVICE_FAMILY = "1,2";
				TEST_HOST = "$(BUILT_PRODUCTS_DIR)/FirebaseSample.app/FirebaseSample";
			};
			name = Release;
		};
		E5F417B121FD6B2700614887 /* Debug */ = {
			isa = XCBuildConfiguration;
			baseConfigurationReference = C86B8DF14E50919183CA39FD /* Pods-FirebaseSampleUITests.debug.xcconfig */;
			buildSettings = {
				ALWAYS_EMBED_SWIFT_STANDARD_LIBRARIES = YES;
				CODE_SIGN_STYLE = Automatic;
				DEVELOPMENT_TEAM = N6999D3QVH;
				INFOPLIST_FILE = FirebaseSampleUITests/Info.plist;
				LD_RUNPATH_SEARCH_PATHS = (
					"$(inherited)",
					"@executable_path/Frameworks",
					"@loader_path/Frameworks",
				);
				PRODUCT_BUNDLE_IDENTIFIER = com.example.FirebaseSampleUITests;
				PRODUCT_NAME = "$(TARGET_NAME)";
				SWIFT_VERSION = 4.2;
				TARGETED_DEVICE_FAMILY = "1,2";
				TEST_TARGET_NAME = FirebaseSample;
			};
			name = Debug;
		};
		E5F417B221FD6B2700614887 /* Release */ = {
			isa = XCBuildConfiguration;
			baseConfigurationReference = 09CD7A1480D3D3D1D974B8D8 /* Pods-FirebaseSampleUITests.release.xcconfig */;
			buildSettings = {
				ALWAYS_EMBED_SWIFT_STANDARD_LIBRARIES = YES;
				CODE_SIGN_STYLE = Automatic;
				DEVELOPMENT_TEAM = N6999D3QVH;
				INFOPLIST_FILE = FirebaseSampleUITests/Info.plist;
				LD_RUNPATH_SEARCH_PATHS = (
					"$(inherited)",
					"@executable_path/Frameworks",
					"@loader_path/Frameworks",
				);
				PRODUCT_BUNDLE_IDENTIFIER = com.example.FirebaseSampleUITests;
				PRODUCT_NAME = "$(TARGET_NAME)";
				SWIFT_VERSION = 4.2;
				TARGETED_DEVICE_FAMILY = "1,2";
				TEST_TARGET_NAME = FirebaseSample;
			};
			name = Release;
		};
/* End XCBuildConfiguration section */

/* Begin XCConfigurationList section */
		E5F4177A21FD6B2600614887 /* Build configuration list for PBXProject "FirebaseSample" */ = {
			isa = XCConfigurationList;
			buildConfigurations = (
				E5F417A821FD6B2700614887 /* Debug */,
				E5F417A921FD6B2700614887 /* Release */,
			);
			defaultConfigurationIsVisible = 0;
			defaultConfigurationName = Release;
		};
		E5F417AA21FD6B2700614887 /* Build configuration list for PBXNativeTarget "FirebaseSample" */ = {
			isa = XCConfigurationList;
			buildConfigurations = (
				E5F417AB21FD6B2700614887 /* Debug */,
				E5F417AC21FD6B2700614887 /* Release */,
			);
			defaultConfigurationIsVisible = 0;
			defaultConfigurationName = Release;
		};
		E5F417AD21FD6B2700614887 /* Build configuration list for PBXNativeTarget "FirebaseSampleTests" */ = {
			isa = XCConfigurationList;
			buildConfigurations = (
				E5F417AE21FD6B2700614887 /* Debug */,
				E5F417AF21FD6B2700614887 /* Release */,
			);
			defaultConfigurationIsVisible = 0;
			defaultConfigurationName = Release;
		};
		E5F417B021FD6B2700614887 /* Build configuration list for PBXNativeTarget "FirebaseSampleUITests" */ = {
			isa = XCConfigurationList;
			buildConfigurations = (
				E5F417B121FD6B2700614887 /* Debug */,
				E5F417B221FD6B2700614887 /* Release */,
			);
			defaultConfigurationIsVisible = 0;
			defaultConfigurationName = Release;
		};
/* End XCConfigurationList section */

/* Begin XCVersionGroup section */
		E5F4178921FD6B2600614887 /* FirebaseSample.xcdatamodeld */ = {
			isa = XCVersionGroup;
			children = (
				E5F4178A21FD6B2600614887 /* FirebaseSample.xcdatamodel */,
			);
			currentVersion = E5F4178A21FD6B2600614887 /* FirebaseSample.xcdatamodel */;
			path = FirebaseSample.xcdatamodeld;
			sourceTree = "<group>";
			versionGroupType = wrapper.xcdatamodel;
		};
/* End XCVersionGroup section */
	};
	rootObject = E5F4177721FD6B2600614887 /* Project object */;
}
