// !$*UTF8*$!
{
	archiveVersion = 1;
	classes = {
	};
	objectVersion = 50;
	objects = {

/* Begin PBXBuildFile section */
		E5701C8421EF9FD3009951CE /* AppDelegate.swift in Sources */ = {isa = PBXBuildFile; fileRef = E5701C8321EF9FD3009951CE /* AppDelegate.swift */; };
		E5701C8621EF9FD3009951CE /* ViewController.swift in Sources */ = {isa = PBXBuildFile; fileRef = E5701C8521EF9FD3009951CE /* ViewController.swift */; };
		E5701C8C21EF9FD3009951CE /* UiPractice.xcdatamodeld in Sources */ = {isa = PBXBuildFile; fileRef = E5701C8A21EF9FD3009951CE /* UiPractice.xcdatamodeld */; };
		E5701C8E21EF9FD6009951CE /* Assets.xcassets in Resources */ = {isa = PBXBuildFile; fileRef = E5701C8D21EF9FD6009951CE /* Assets.xcassets */; };
		E5701C9121EF9FD6009951CE /* LaunchScreen.storyboard in Resources */ = {isa = PBXBuildFile; fileRef = E5701C8F21EF9FD6009951CE /* LaunchScreen.storyboard */; };
		E5701C9C21EF9FD6009951CE /* UiPracticeTests.swift in Sources */ = {isa = PBXBuildFile; fileRef = E5701C9B21EF9FD6009951CE /* UiPracticeTests.swift */; };
		E5701CA721EF9FD6009951CE /* UiPracticeUITests.swift in Sources */ = {isa = PBXBuildFile; fileRef = E5701CA621EF9FD6009951CE /* UiPracticeUITests.swift */; };
/* End PBXBuildFile section */

/* Begin PBXContainerItemProxy section */
		E5701C9821EF9FD6009951CE /* PBXContainerItemProxy */ = {
			isa = PBXContainerItemProxy;
			containerPortal = E5701C7821EF9FD3009951CE /* Project object */;
			proxyType = 1;
			remoteGlobalIDString = E5701C7F21EF9FD3009951CE;
			remoteInfo = UiPractice;
		};
		E5701CA321EF9FD6009951CE /* PBXContainerItemProxy */ = {
			isa = PBXContainerItemProxy;
			containerPortal = E5701C7821EF9FD3009951CE /* Project object */;
			proxyType = 1;
			remoteGlobalIDString = E5701C7F21EF9FD3009951CE;
			remoteInfo = UiPractice;
		};
/* End PBXContainerItemProxy section */

/* Begin PBXFileReference section */
		E5701C8021EF9FD3009951CE /* UiPractice.app */ = {isa = PBXFileReference; explicitFileType = wrapper.application; includeInIndex = 0; path = UiPractice.app; sourceTree = BUILT_PRODUCTS_DIR; };
		E5701C8321EF9FD3009951CE /* AppDelegate.swift */ = {isa = PBXFileReference; lastKnownFileType = sourcecode.swift; path = AppDelegate.swift; sourceTree = "<group>"; };
		E5701C8521EF9FD3009951CE /* ViewController.swift */ = {isa = PBXFileReference; lastKnownFileType = sourcecode.swift; path = ViewController.swift; sourceTree = "<group>"; };
		E5701C8B21EF9FD3009951CE /* UiPractice.xcdatamodel */ = {isa = PBXFileReference; lastKnownFileType = wrapper.xcdatamodel; path = UiPractice.xcdatamodel; sourceTree = "<group>"; };
		E5701C8D21EF9FD6009951CE /* Assets.xcassets */ = {isa = PBXFileReference; lastKnownFileType = folder.assetcatalog; path = Assets.xcassets; sourceTree = "<group>"; };
		E5701C9021EF9FD6009951CE /* Base */ = {isa = PBXFileReference; lastKnownFileType = file.storyboard; name = Base; path = Base.lproj/LaunchScreen.storyboard; sourceTree = "<group>"; };
		E5701C9221EF9FD6009951CE /* Info.plist */ = {isa = PBXFileReference; lastKnownFileType = text.plist.xml; path = Info.plist; sourceTree = "<group>"; };
		E5701C9721EF9FD6009951CE /* UiPracticeTests.xctest */ = {isa = PBXFileReference; explicitFileType = wrapper.cfbundle; includeInIndex = 0; path = UiPracticeTests.xctest; sourceTree = BUILT_PRODUCTS_DIR; };
		E5701C9B21EF9FD6009951CE /* UiPracticeTests.swift */ = {isa = PBXFileReference; lastKnownFileType = sourcecode.swift; path = UiPracticeTests.swift; sourceTree = "<group>"; };
		E5701C9D21EF9FD6009951CE /* Info.plist */ = {isa = PBXFileReference; lastKnownFileType = text.plist.xml; path = Info.plist; sourceTree = "<group>"; };
		E5701CA221EF9FD6009951CE /* UiPracticeUITests.xctest */ = {isa = PBXFileReference; explicitFileType = wrapper.cfbundle; includeInIndex = 0; path = UiPracticeUITests.xctest; sourceTree = BUILT_PRODUCTS_DIR; };
		E5701CA621EF9FD6009951CE /* UiPracticeUITests.swift */ = {isa = PBXFileReference; lastKnownFileType = sourcecode.swift; path = UiPracticeUITests.swift; sourceTree = "<group>"; };
		E5701CA821EF9FD6009951CE /* Info.plist */ = {isa = PBXFileReference; lastKnownFileType = text.plist.xml; path = Info.plist; sourceTree = "<group>"; };
/* End PBXFileReference section */

/* Begin PBXFrameworksBuildPhase section */
		E5701C7D21EF9FD3009951CE /* Frameworks */ = {
			isa = PBXFrameworksBuildPhase;
			buildActionMask = 2147483647;
			files = (
			);
			runOnlyForDeploymentPostprocessing = 0;
		};
		E5701C9421EF9FD6009951CE /* Frameworks */ = {
			isa = PBXFrameworksBuildPhase;
			buildActionMask = 2147483647;
			files = (
			);
			runOnlyForDeploymentPostprocessing = 0;
		};
		E5701C9F21EF9FD6009951CE /* Frameworks */ = {
			isa = PBXFrameworksBuildPhase;
			buildActionMask = 2147483647;
			files = (
			);
			runOnlyForDeploymentPostprocessing = 0;
		};
/* End PBXFrameworksBuildPhase section */

/* Begin PBXGroup section */
		E5701C7721EF9FD3009951CE = {
			isa = PBXGroup;
			children = (
				E5701C8221EF9FD3009951CE /* UiPractice */,
				E5701C9A21EF9FD6009951CE /* UiPracticeTests */,
				E5701CA521EF9FD6009951CE /* UiPracticeUITests */,
				E5701C8121EF9FD3009951CE /* Products */,
			);
			sourceTree = "<group>";
		};
		E5701C8121EF9FD3009951CE /* Products */ = {
			isa = PBXGroup;
			children = (
				E5701C8021EF9FD3009951CE /* UiPractice.app */,
				E5701C9721EF9FD6009951CE /* UiPracticeTests.xctest */,
				E5701CA221EF9FD6009951CE /* UiPracticeUITests.xctest */,
			);
			name = Products;
			sourceTree = "<group>";
		};
		E5701C8221EF9FD3009951CE /* UiPractice */ = {
			isa = PBXGroup;
			children = (
				E5701C8321EF9FD3009951CE /* AppDelegate.swift */,
				E5701C8521EF9FD3009951CE /* ViewController.swift */,
				E5701C8D21EF9FD6009951CE /* Assets.xcassets */,
				E5701C8F21EF9FD6009951CE /* LaunchScreen.storyboard */,
				E5701C9221EF9FD6009951CE /* Info.plist */,
				E5701C8A21EF9FD3009951CE /* UiPractice.xcdatamodeld */,
			);
			path = UiPractice;
			sourceTree = "<group>";
		};
		E5701C9A21EF9FD6009951CE /* UiPracticeTests */ = {
			isa = PBXGroup;
			children = (
				E5701C9B21EF9FD6009951CE /* UiPracticeTests.swift */,
				E5701C9D21EF9FD6009951CE /* Info.plist */,
			);
			path = UiPracticeTests;
			sourceTree = "<group>";
		};
		E5701CA521EF9FD6009951CE /* UiPracticeUITests */ = {
			isa = PBXGroup;
			children = (
				E5701CA621EF9FD6009951CE /* UiPracticeUITests.swift */,
				E5701CA821EF9FD6009951CE /* Info.plist */,
			);
			path = UiPracticeUITests;
			sourceTree = "<group>";
		};
/* End PBXGroup section */

/* Begin PBXNativeTarget section */
		E5701C7F21EF9FD3009951CE /* UiPractice */ = {
			isa = PBXNativeTarget;
			buildConfigurationList = E5701CAB21EF9FD6009951CE /* Build configuration list for PBXNativeTarget "UiPractice" */;
			buildPhases = (
				E5701C7C21EF9FD3009951CE /* Sources */,
				E5701C7D21EF9FD3009951CE /* Frameworks */,
				E5701C7E21EF9FD3009951CE /* Resources */,
			);
			buildRules = (
			);
			dependencies = (
			);
			name = UiPractice;
			productName = UiPractice;
			productReference = E5701C8021EF9FD3009951CE /* UiPractice.app */;
			productType = "com.apple.product-type.application";
		};
		E5701C9621EF9FD6009951CE /* UiPracticeTests */ = {
			isa = PBXNativeTarget;
			buildConfigurationList = E5701CAE21EF9FD6009951CE /* Build configuration list for PBXNativeTarget "UiPracticeTests" */;
			buildPhases = (
				E5701C9321EF9FD6009951CE /* Sources */,
				E5701C9421EF9FD6009951CE /* Frameworks */,
				E5701C9521EF9FD6009951CE /* Resources */,
			);
			buildRules = (
			);
			dependencies = (
				E5701C9921EF9FD6009951CE /* PBXTargetDependency */,
			);
			name = UiPracticeTests;
			productName = UiPracticeTests;
			productReference = E5701C9721EF9FD6009951CE /* UiPracticeTests.xctest */;
			productType = "com.apple.product-type.bundle.unit-test";
		};
		E5701CA121EF9FD6009951CE /* UiPracticeUITests */ = {
			isa = PBXNativeTarget;
			buildConfigurationList = E5701CB121EF9FD6009951CE /* Build configuration list for PBXNativeTarget "UiPracticeUITests" */;
			buildPhases = (
				E5701C9E21EF9FD6009951CE /* Sources */,
				E5701C9F21EF9FD6009951CE /* Frameworks */,
				E5701CA021EF9FD6009951CE /* Resources */,
			);
			buildRules = (
			);
			dependencies = (
				E5701CA421EF9FD6009951CE /* PBXTargetDependency */,
			);
			name = UiPracticeUITests;
			productName = UiPracticeUITests;
			productReference = E5701CA221EF9FD6009951CE /* UiPracticeUITests.xctest */;
			productType = "com.apple.product-type.bundle.ui-testing";
		};
/* End PBXNativeTarget section */

/* Begin PBXProject section */
		E5701C7821EF9FD3009951CE /* Project object */ = {
			isa = PBXProject;
			attributes = {
				LastSwiftUpdateCheck = 1010;
				LastUpgradeCheck = 1010;
				ORGANIZATIONNAME = Socialis;
				TargetAttributes = {
					E5701C7F21EF9FD3009951CE = {
						CreatedOnToolsVersion = 10.1;
					};
					E5701C9621EF9FD6009951CE = {
						CreatedOnToolsVersion = 10.1;
						TestTargetID = E5701C7F21EF9FD3009951CE;
					};
					E5701CA121EF9FD6009951CE = {
						CreatedOnToolsVersion = 10.1;
						TestTargetID = E5701C7F21EF9FD3009951CE;
					};
				};
			};
			buildConfigurationList = E5701C7B21EF9FD3009951CE /* Build configuration list for PBXProject "UiPractice" */;
			compatibilityVersion = "Xcode 9.3";
			developmentRegion = en;
			hasScannedForEncodings = 0;
			knownRegions = (
				en,
				Base,
			);
			mainGroup = E5701C7721EF9FD3009951CE;
			productRefGroup = E5701C8121EF9FD3009951CE /* Products */;
			projectDirPath = "";
			projectRoot = "";
			targets = (
				E5701C7F21EF9FD3009951CE /* UiPractice */,
				E5701C9621EF9FD6009951CE /* UiPracticeTests */,
				E5701CA121EF9FD6009951CE /* UiPracticeUITests */,
			);
		};
/* End PBXProject section */

/* Begin PBXResourcesBuildPhase section */
		E5701C7E21EF9FD3009951CE /* Resources */ = {
			isa = PBXResourcesBuildPhase;
			buildActionMask = 2147483647;
			files = (
				E5701C9121EF9FD6009951CE /* LaunchScreen.storyboard in Resources */,
				E5701C8E21EF9FD6009951CE /* Assets.xcassets in Resources */,
			);
			runOnlyForDeploymentPostprocessing = 0;
		};
		E5701C9521EF9FD6009951CE /* Resources */ = {
			isa = PBXResourcesBuildPhase;
			buildActionMask = 2147483647;
			files = (
			);
			runOnlyForDeploymentPostprocessing = 0;
		};
		E5701CA021EF9FD6009951CE /* Resources */ = {
			isa = PBXResourcesBuildPhase;
			buildActionMask = 2147483647;
			files = (
			);
			runOnlyForDeploymentPostprocessing = 0;
		};
/* End PBXResourcesBuildPhase section */

/* Begin PBXSourcesBuildPhase section */
		E5701C7C21EF9FD3009951CE /* Sources */ = {
			isa = PBXSourcesBuildPhase;
			buildActionMask = 2147483647;
			files = (
				E5701C8621EF9FD3009951CE /* ViewController.swift in Sources */,
				E5701C8421EF9FD3009951CE /* AppDelegate.swift in Sources */,
				E5701C8C21EF9FD3009951CE /* UiPractice.xcdatamodeld in Sources */,
			);
			runOnlyForDeploymentPostprocessing = 0;
		};
		E5701C9321EF9FD6009951CE /* Sources */ = {
			isa = PBXSourcesBuildPhase;
			buildActionMask = 2147483647;
			files = (
				E5701C9C21EF9FD6009951CE /* UiPracticeTests.swift in Sources */,
			);
			runOnlyForDeploymentPostprocessing = 0;
		};
		E5701C9E21EF9FD6009951CE /* Sources */ = {
			isa = PBXSourcesBuildPhase;
			buildActionMask = 2147483647;
			files = (
				E5701CA721EF9FD6009951CE /* UiPracticeUITests.swift in Sources */,
			);
			runOnlyForDeploymentPostprocessing = 0;
		};
/* End PBXSourcesBuildPhase section */

/* Begin PBXTargetDependency section */
		E5701C9921EF9FD6009951CE /* PBXTargetDependency */ = {
			isa = PBXTargetDependency;
			target = E5701C7F21EF9FD3009951CE /* UiPractice */;
			targetProxy = E5701C9821EF9FD6009951CE /* PBXContainerItemProxy */;
		};
		E5701CA421EF9FD6009951CE /* PBXTargetDependency */ = {
			isa = PBXTargetDependency;
			target = E5701C7F21EF9FD3009951CE /* UiPractice */;
			targetProxy = E5701CA321EF9FD6009951CE /* PBXContainerItemProxy */;
		};
/* End PBXTargetDependency section */

/* Begin PBXVariantGroup section */
		E5701C8F21EF9FD6009951CE /* LaunchScreen.storyboard */ = {
			isa = PBXVariantGroup;
			children = (
				E5701C9021EF9FD6009951CE /* Base */,
			);
			name = LaunchScreen.storyboard;
			sourceTree = "<group>";
		};
/* End PBXVariantGroup section */

/* Begin XCBuildConfiguration section */
		E5701CA921EF9FD6009951CE /* Debug */ = {
			isa = XCBuildConfiguration;
			buildSettings = {
				ALWAYS_SEARCH_USER_PATHS = NO;
				CLANG_ANALYZER_NONNULL = YES;
				CLANG_ANALYZER_NUMBER_OBJECT_CONVERSION = YES_AGGRESSIVE;
				CLANG_CXX_LANGUAGE_STANDARD = "gnu++14";
				CLANG_CXX_LIBRARY = "libc++";
				CLANG_ENABLE_MODULES = YES;
				CLANG_ENABLE_OBJC_ARC = YES;
				CLANG_ENABLE_OBJC_WEAK = YES;
				CLANG_WARN_BLOCK_CAPTURE_AUTORELEASING = YES;
				CLANG_WARN_BOOL_CONVERSION = YES;
				CLANG_WARN_COMMA = YES;
				CLANG_WARN_CONSTANT_CONVERSION = YES;
				CLANG_WARN_DEPRECATED_OBJC_IMPLEMENTATIONS = YES;
				CLANG_WARN_DIRECT_OBJC_ISA_USAGE = YES_ERROR;
				CLANG_WARN_DOCUMENTATION_COMMENTS = YES;
				CLANG_WARN_EMPTY_BODY = YES;
				CLANG_WARN_ENUM_CONVERSION = YES;
				CLANG_WARN_INFINITE_RECURSION = YES;
				CLANG_WARN_INT_CONVERSION = YES;
				CLANG_WARN_NON_LITERAL_NULL_CONVERSION = YES;
				CLANG_WARN_OBJC_IMPLICIT_RETAIN_SELF = YES;
				CLANG_WARN_OBJC_LITERAL_CONVERSION = YES;
				CLANG_WARN_OBJC_ROOT_CLASS = YES_ERROR;
				CLANG_WARN_RANGE_LOOP_ANALYSIS = YES;
				CLANG_WARN_STRICT_PROTOTYPES = YES;
				CLANG_WARN_SUSPICIOUS_MOVE = YES;
				CLANG_WARN_UNGUARDED_AVAILABILITY = YES_AGGRESSIVE;
				CLANG_WARN_UNREACHABLE_CODE = YES;
				CLANG_WARN__DUPLICATE_METHOD_MATCH = YES;
				CODE_SIGN_IDENTITY = "iPhone Developer";
				COPY_PHASE_STRIP = NO;
				DEBUG_INFORMATION_FORMAT = dwarf;
				ENABLE_STRICT_OBJC_MSGSEND = YES;
				ENABLE_TESTABILITY = YES;
				GCC_C_LANGUAGE_STANDARD = gnu11;
				GCC_DYNAMIC_NO_PIC = NO;
				GCC_NO_COMMON_BLOCKS = YES;
				GCC_OPTIMIZATION_LEVEL = 0;
				GCC_PREPROCESSOR_DEFINITIONS = (
					"DEBUG=1",
					"$(inherited)",
				);
				GCC_WARN_64_TO_32_BIT_CONVERSION = YES;
				GCC_WARN_ABOUT_RETURN_TYPE = YES_ERROR;
				GCC_WARN_UNDECLARED_SELECTOR = YES;
				GCC_WARN_UNINITIALIZED_AUTOS = YES_AGGRESSIVE;
				GCC_WARN_UNUSED_FUNCTION = YES;
				GCC_WARN_UNUSED_VARIABLE = YES;
				IPHONEOS_DEPLOYMENT_TARGET = 12.1;
				MTL_ENABLE_DEBUG_INFO = INCLUDE_SOURCE;
				MTL_FAST_MATH = YES;
				ONLY_ACTIVE_ARCH = YES;
				SDKROOT = iphoneos;
				SWIFT_ACTIVE_COMPILATION_CONDITIONS = DEBUG;
				SWIFT_OPTIMIZATION_LEVEL = "-Onone";
			};
			name = Debug;
		};
		E5701CAA21EF9FD6009951CE /* Release */ = {
			isa = XCBuildConfiguration;
			buildSettings = {
				ALWAYS_SEARCH_USER_PATHS = NO;
				CLANG_ANALYZER_NONNULL = YES;
				CLANG_ANALYZER_NUMBER_OBJECT_CONVERSION = YES_AGGRESSIVE;
				CLANG_CXX_LANGUAGE_STANDARD = "gnu++14";
				CLANG_CXX_LIBRARY = "libc++";
				CLANG_ENABLE_MODULES = YES;
				CLANG_ENABLE_OBJC_ARC = YES;
				CLANG_ENABLE_OBJC_WEAK = YES;
				CLANG_WARN_BLOCK_CAPTURE_AUTORELEASING = YES;
				CLANG_WARN_BOOL_CONVERSION = YES;
				CLANG_WARN_COMMA = YES;
				CLANG_WARN_CONSTANT_CONVERSION = YES;
				CLANG_WARN_DEPRECATED_OBJC_IMPLEMENTATIONS = YES;
				CLANG_WARN_DIRECT_OBJC_ISA_USAGE = YES_ERROR;
				CLANG_WARN_DOCUMENTATION_COMMENTS = YES;
				CLANG_WARN_EMPTY_BODY = YES;
				CLANG_WARN_ENUM_CONVERSION = YES;
				CLANG_WARN_INFINITE_RECURSION = YES;
				CLANG_WARN_INT_CONVERSION = YES;
				CLANG_WARN_NON_LITERAL_NULL_CONVERSION = YES;
				CLANG_WARN_OBJC_IMPLICIT_RETAIN_SELF = YES;
				CLANG_WARN_OBJC_LITERAL_CONVERSION = YES;
				CLANG_WARN_OBJC_ROOT_CLASS = YES_ERROR;
				CLANG_WARN_RANGE_LOOP_ANALYSIS = YES;
				CLANG_WARN_STRICT_PROTOTYPES = YES;
				CLANG_WARN_SUSPICIOUS_MOVE = YES;
				CLANG_WARN_UNGUARDED_AVAILABILITY = YES_AGGRESSIVE;
				CLANG_WARN_UNREACHABLE_CODE = YES;
				CLANG_WARN__DUPLICATE_METHOD_MATCH = YES;
				CODE_SIGN_IDENTITY = "iPhone Developer";
				COPY_PHASE_STRIP = NO;
				DEBUG_INFORMATION_FORMAT = "dwarf-with-dsym";
				ENABLE_NS_ASSERTIONS = NO;
				ENABLE_STRICT_OBJC_MSGSEND = YES;
				GCC_C_LANGUAGE_STANDARD = gnu11;
				GCC_NO_COMMON_BLOCKS = YES;
				GCC_WARN_64_TO_32_BIT_CONVERSION = YES;
				GCC_WARN_ABOUT_RETURN_TYPE = YES_ERROR;
				GCC_WARN_UNDECLARED_SELECTOR = YES;
				GCC_WARN_UNINITIALIZED_AUTOS = YES_AGGRESSIVE;
				GCC_WARN_UNUSED_FUNCTION = YES;
				GCC_WARN_UNUSED_VARIABLE = YES;
				IPHONEOS_DEPLOYMENT_TARGET = 12.1;
				MTL_ENABLE_DEBUG_INFO = NO;
				MTL_FAST_MATH = YES;
				SDKROOT = iphoneos;
				SWIFT_COMPILATION_MODE = wholemodule;
				SWIFT_OPTIMIZATION_LEVEL = "-O";
				VALIDATE_PRODUCT = YES;
			};
			name = Release;
		};
		E5701CAC21EF9FD6009951CE /* Debug */ = {
			isa = XCBuildConfiguration;
			buildSettings = {
				ASSETCATALOG_COMPILER_APPICON_NAME = AppIcon;
				CODE_SIGN_STYLE = Automatic;
				DEVELOPMENT_TEAM = N6999D3QVH;
				INFOPLIST_FILE = UiPractice/Info.plist;
				LD_RUNPATH_SEARCH_PATHS = (
					"$(inherited)",
					"@executable_path/Frameworks",
				);
				PRODUCT_BUNDLE_IDENTIFIER = jp.co.socialis.UiPractice;
				PRODUCT_NAME = "$(TARGET_NAME)";
				SWIFT_VERSION = 4.2;
				TARGETED_DEVICE_FAMILY = "1,2";
			};
			name = Debug;
		};
		E5701CAD21EF9FD6009951CE /* Release */ = {
			isa = XCBuildConfiguration;
			buildSettings = {
				ASSETCATALOG_COMPILER_APPICON_NAME = AppIcon;
				CODE_SIGN_STYLE = Automatic;
				DEVELOPMENT_TEAM = N6999D3QVH;
				INFOPLIST_FILE = UiPractice/Info.plist;
				LD_RUNPATH_SEARCH_PATHS = (
					"$(inherited)",
					"@executable_path/Frameworks",
				);
				PRODUCT_BUNDLE_IDENTIFIER = jp.co.socialis.UiPractice;
				PRODUCT_NAME = "$(TARGET_NAME)";
				SWIFT_VERSION = 4.2;
				TARGETED_DEVICE_FAMILY = "1,2";
			};
			name = Release;
		};
		E5701CAF21EF9FD6009951CE /* Debug */ = {
			isa = XCBuildConfiguration;
			buildSettings = {
				ALWAYS_EMBED_SWIFT_STANDARD_LIBRARIES = YES;
				BUNDLE_LOADER = "$(TEST_HOST)";
				CODE_SIGN_STYLE = Automatic;
				DEVELOPMENT_TEAM = N6999D3QVH;
				INFOPLIST_FILE = UiPracticeTests/Info.plist;
				LD_RUNPATH_SEARCH_PATHS = (
					"$(inherited)",
					"@executable_path/Frameworks",
					"@loader_path/Frameworks",
				);
				PRODUCT_BUNDLE_IDENTIFIER = jp.co.socialis.UiPracticeTests;
				PRODUCT_NAME = "$(TARGET_NAME)";
				SWIFT_VERSION = 4.2;
				TARGETED_DEVICE_FAMILY = "1,2";
				TEST_HOST = "$(BUILT_PRODUCTS_DIR)/UiPractice.app/UiPractice";
			};
			name = Debug;
		};
		E5701CB021EF9FD6009951CE /* Release */ = {
			isa = XCBuildConfiguration;
			buildSettings = {
				ALWAYS_EMBED_SWIFT_STANDARD_LIBRARIES = YES;
				BUNDLE_LOADER = "$(TEST_HOST)";
				CODE_SIGN_STYLE = Automatic;
				DEVELOPMENT_TEAM = N6999D3QVH;
				INFOPLIST_FILE = UiPracticeTests/Info.plist;
				LD_RUNPATH_SEARCH_PATHS = (
					"$(inherited)",
					"@executable_path/Frameworks",
					"@loader_path/Frameworks",
				);
				PRODUCT_BUNDLE_IDENTIFIER = jp.co.socialis.UiPracticeTests;
				PRODUCT_NAME = "$(TARGET_NAME)";
				SWIFT_VERSION = 4.2;
				TARGETED_DEVICE_FAMILY = "1,2";
				TEST_HOST = "$(BUILT_PRODUCTS_DIR)/UiPractice.app/UiPractice";
			};
			name = Release;
		};
		E5701CB221EF9FD6009951CE /* Debug */ = {
			isa = XCBuildConfiguration;
			buildSettings = {
				ALWAYS_EMBED_SWIFT_STANDARD_LIBRARIES = YES;
				CODE_SIGN_STYLE = Automatic;
				DEVELOPMENT_TEAM = N6999D3QVH;
				INFOPLIST_FILE = UiPracticeUITests/Info.plist;
				LD_RUNPATH_SEARCH_PATHS = (
					"$(inherited)",
					"@executable_path/Frameworks",
					"@loader_path/Frameworks",
				);
				PRODUCT_BUNDLE_IDENTIFIER = jp.co.socialis.UiPracticeUITests;
				PRODUCT_NAME = "$(TARGET_NAME)";
				SWIFT_VERSION = 4.2;
				TARGETED_DEVICE_FAMILY = "1,2";
				TEST_TARGET_NAME = UiPractice;
			};
			name = Debug;
		};
		E5701CB321EF9FD6009951CE /* Release */ = {
			isa = XCBuildConfiguration;
			buildSettings = {
				ALWAYS_EMBED_SWIFT_STANDARD_LIBRARIES = YES;
				CODE_SIGN_STYLE = Automatic;
				DEVELOPMENT_TEAM = N6999D3QVH;
				INFOPLIST_FILE = UiPracticeUITests/Info.plist;
				LD_RUNPATH_SEARCH_PATHS = (
					"$(inherited)",
					"@executable_path/Frameworks",
					"@loader_path/Frameworks",
				);
				PRODUCT_BUNDLE_IDENTIFIER = jp.co.socialis.UiPracticeUITests;
				PRODUCT_NAME = "$(TARGET_NAME)";
				SWIFT_VERSION = 4.2;
				TARGETED_DEVICE_FAMILY = "1,2";
				TEST_TARGET_NAME = UiPractice;
			};
			name = Release;
		};
/* End XCBuildConfiguration section */

/* Begin XCConfigurationList section */
		E5701C7B21EF9FD3009951CE /* Build configuration list for PBXProject "UiPractice" */ = {
			isa = XCConfigurationList;
			buildConfigurations = (
				E5701CA921EF9FD6009951CE /* Debug */,
				E5701CAA21EF9FD6009951CE /* Release */,
			);
			defaultConfigurationIsVisible = 0;
			defaultConfigurationName = Release;
		};
		E5701CAB21EF9FD6009951CE /* Build configuration list for PBXNativeTarget "UiPractice" */ = {
			isa = XCConfigurationList;
			buildConfigurations = (
				E5701CAC21EF9FD6009951CE /* Debug */,
				E5701CAD21EF9FD6009951CE /* Release */,
			);
			defaultConfigurationIsVisible = 0;
			defaultConfigurationName = Release;
		};
		E5701CAE21EF9FD6009951CE /* Build configuration list for PBXNativeTarget "UiPracticeTests" */ = {
			isa = XCConfigurationList;
			buildConfigurations = (
				E5701CAF21EF9FD6009951CE /* Debug */,
				E5701CB021EF9FD6009951CE /* Release */,
			);
			defaultConfigurationIsVisible = 0;
			defaultConfigurationName = Release;
		};
		E5701CB121EF9FD6009951CE /* Build configuration list for PBXNativeTarget "UiPracticeUITests" */ = {
			isa = XCConfigurationList;
			buildConfigurations = (
				E5701CB221EF9FD6009951CE /* Debug */,
				E5701CB321EF9FD6009951CE /* Release */,
			);
			defaultConfigurationIsVisible = 0;
			defaultConfigurationName = Release;
		};
/* End XCConfigurationList section */

/* Begin XCVersionGroup section */
		E5701C8A21EF9FD3009951CE /* UiPractice.xcdatamodeld */ = {
			isa = XCVersionGroup;
			children = (
				E5701C8B21EF9FD3009951CE /* UiPractice.xcdatamodel */,
			);
			currentVersion = E5701C8B21EF9FD3009951CE /* UiPractice.xcdatamodel */;
			path = UiPractice.xcdatamodeld;
			sourceTree = "<group>";
			versionGroupType = wrapper.xcdatamodel;
		};
/* End XCVersionGroup section */
	};
	rootObject = E5701C7821EF9FD3009951CE /* Project object */;
}
