// !$*UTF8*$!
{
	archiveVersion = 1;
	classes = {
	};
	objectVersion = 48;
	objects = {

/* Begin PBXBuildFile section */
		E50D14A020D62B1C0018165D /* AppDelegate.swift in Sources */ = {isa = PBXBuildFile; fileRef = E50D149F20D62B1C0018165D /* AppDelegate.swift */; };
		E50D14A220D62B1C0018165D /* ViewController.swift in Sources */ = {isa = PBXBuildFile; fileRef = E50D14A120D62B1C0018165D /* ViewController.swift */; };
		E50D14A520D62B1C0018165D /* Main.storyboard in Resources */ = {isa = PBXBuildFile; fileRef = E50D14A320D62B1C0018165D /* Main.storyboard */; };
		E50D14A720D62B1C0018165D /* Assets.xcassets in Resources */ = {isa = PBXBuildFile; fileRef = E50D14A620D62B1C0018165D /* Assets.xcassets */; };
		E50D14AA20D62B1C0018165D /* LaunchScreen.storyboard in Resources */ = {isa = PBXBuildFile; fileRef = E50D14A820D62B1C0018165D /* LaunchScreen.storyboard */; };
		E50D14B520D62B1C0018165D /* DemoAppTests.swift in Sources */ = {isa = PBXBuildFile; fileRef = E50D14B420D62B1C0018165D /* DemoAppTests.swift */; };
		E50D14C020D62B1C0018165D /* DemoAppUITests.swift in Sources */ = {isa = PBXBuildFile; fileRef = E50D14BF20D62B1C0018165D /* DemoAppUITests.swift */; };
		E559486520DA9E3C00A30060 /* BookStoreModel.xcdatamodeld in Sources */ = {isa = PBXBuildFile; fileRef = E559486320DA9E3C00A30060 /* BookStoreModel.xcdatamodeld */; };
		E5DE2B5720D6862100C416CE /* RadioStation.swift in Sources */ = {isa = PBXBuildFile; fileRef = E5DE2B5620D6862100C416CE /* RadioStation.swift */; };
/* End PBXBuildFile section */

/* Begin PBXContainerItemProxy section */
		E50D14B120D62B1C0018165D /* PBXContainerItemProxy */ = {
			isa = PBXContainerItemProxy;
			containerPortal = E50D149420D62B1C0018165D /* Project object */;
			proxyType = 1;
			remoteGlobalIDString = E50D149B20D62B1C0018165D;
			remoteInfo = DemoApp;
		};
		E50D14BC20D62B1C0018165D /* PBXContainerItemProxy */ = {
			isa = PBXContainerItemProxy;
			containerPortal = E50D149420D62B1C0018165D /* Project object */;
			proxyType = 1;
			remoteGlobalIDString = E50D149B20D62B1C0018165D;
			remoteInfo = DemoApp;
		};
/* End PBXContainerItemProxy section */

/* Begin PBXFileReference section */
		E50D149C20D62B1C0018165D /* DemoApp.app */ = {isa = PBXFileReference; explicitFileType = wrapper.application; includeInIndex = 0; path = DemoApp.app; sourceTree = BUILT_PRODUCTS_DIR; };
		E50D149F20D62B1C0018165D /* AppDelegate.swift */ = {isa = PBXFileReference; lastKnownFileType = sourcecode.swift; path = AppDelegate.swift; sourceTree = "<group>"; };
		E50D14A120D62B1C0018165D /* ViewController.swift */ = {isa = PBXFileReference; lastKnownFileType = sourcecode.swift; path = ViewController.swift; sourceTree = "<group>"; };
		E50D14A420D62B1C0018165D /* Base */ = {isa = PBXFileReference; lastKnownFileType = file.storyboard; name = Base; path = Base.lproj/Main.storyboard; sourceTree = "<group>"; };
		E50D14A620D62B1C0018165D /* Assets.xcassets */ = {isa = PBXFileReference; lastKnownFileType = folder.assetcatalog; path = Assets.xcassets; sourceTree = "<group>"; };
		E50D14A920D62B1C0018165D /* Base */ = {isa = PBXFileReference; lastKnownFileType = file.storyboard; name = Base; path = Base.lproj/LaunchScreen.storyboard; sourceTree = "<group>"; };
		E50D14AB20D62B1C0018165D /* Info.plist */ = {isa = PBXFileReference; lastKnownFileType = text.plist.xml; path = Info.plist; sourceTree = "<group>"; };
		E50D14B020D62B1C0018165D /* DemoAppTests.xctest */ = {isa = PBXFileReference; explicitFileType = wrapper.cfbundle; includeInIndex = 0; path = DemoAppTests.xctest; sourceTree = BUILT_PRODUCTS_DIR; };
		E50D14B420D62B1C0018165D /* DemoAppTests.swift */ = {isa = PBXFileReference; lastKnownFileType = sourcecode.swift; path = DemoAppTests.swift; sourceTree = "<group>"; };
		E50D14B620D62B1C0018165D /* Info.plist */ = {isa = PBXFileReference; lastKnownFileType = text.plist.xml; path = Info.plist; sourceTree = "<group>"; };
		E50D14BB20D62B1C0018165D /* DemoAppUITests.xctest */ = {isa = PBXFileReference; explicitFileType = wrapper.cfbundle; includeInIndex = 0; path = DemoAppUITests.xctest; sourceTree = BUILT_PRODUCTS_DIR; };
		E50D14BF20D62B1C0018165D /* DemoAppUITests.swift */ = {isa = PBXFileReference; lastKnownFileType = sourcecode.swift; path = DemoAppUITests.swift; sourceTree = "<group>"; };
		E50D14C120D62B1C0018165D /* Info.plist */ = {isa = PBXFileReference; lastKnownFileType = text.plist.xml; path = Info.plist; sourceTree = "<group>"; };
		E559486420DA9E3C00A30060 /* sampleModel.xcdatamodel */ = {isa = PBXFileReference; lastKnownFileType = wrapper.xcdatamodel; path = sampleModel.xcdatamodel; sourceTree = "<group>"; };
		E5DE2B5620D6862100C416CE /* RadioStation.swift */ = {isa = PBXFileReference; lastKnownFileType = sourcecode.swift; path = RadioStation.swift; sourceTree = "<group>"; };
/* End PBXFileReference section */

/* Begin PBXFrameworksBuildPhase section */
		E50D149920D62B1C0018165D /* Frameworks */ = {
			isa = PBXFrameworksBuildPhase;
			buildActionMask = 2147483647;
			files = (
			);
			runOnlyForDeploymentPostprocessing = 0;
		};
		E50D14AD20D62B1C0018165D /* Frameworks */ = {
			isa = PBXFrameworksBuildPhase;
			buildActionMask = 2147483647;
			files = (
			);
			runOnlyForDeploymentPostprocessing = 0;
		};
		E50D14B820D62B1C0018165D /* Frameworks */ = {
			isa = PBXFrameworksBuildPhase;
			buildActionMask = 2147483647;
			files = (
			);
			runOnlyForDeploymentPostprocessing = 0;
		};
/* End PBXFrameworksBuildPhase section */

/* Begin PBXGroup section */
		E50D149320D62B1C0018165D = {
			isa = PBXGroup;
			children = (
				E50D149E20D62B1C0018165D /* DemoApp */,
				E50D14B320D62B1C0018165D /* DemoAppTests */,
				E50D14BE20D62B1C0018165D /* DemoAppUITests */,
				E50D149D20D62B1C0018165D /* Products */,
			);
			sourceTree = "<group>";
		};
		E50D149D20D62B1C0018165D /* Products */ = {
			isa = PBXGroup;
			children = (
				E50D149C20D62B1C0018165D /* DemoApp.app */,
				E50D14B020D62B1C0018165D /* DemoAppTests.xctest */,
				E50D14BB20D62B1C0018165D /* DemoAppUITests.xctest */,
			);
			name = Products;
			sourceTree = "<group>";
		};
		E50D149E20D62B1C0018165D /* DemoApp */ = {
			isa = PBXGroup;
			children = (
				E559486320DA9E3C00A30060 /* BookStoreModel.xcdatamodeld */,
				E5DE2BDC20D6DFCE00C416CE /* Controllers */,
				E5DE2BDB20D6DFC600C416CE /* Views */,
				E5DE2BDA20D6DFAD00C416CE /* Models */,
				E50D149F20D62B1C0018165D /* AppDelegate.swift */,
				E5DE2B5620D6862100C416CE /* RadioStation.swift */,
				E50D14A620D62B1C0018165D /* Assets.xcassets */,
				E50D14AB20D62B1C0018165D /* Info.plist */,
			);
			path = DemoApp;
			sourceTree = "<group>";
		};
		E50D14B320D62B1C0018165D /* DemoAppTests */ = {
			isa = PBXGroup;
			children = (
				E50D14B420D62B1C0018165D /* DemoAppTests.swift */,
				E50D14B620D62B1C0018165D /* Info.plist */,
			);
			path = DemoAppTests;
			sourceTree = "<group>";
		};
		E50D14BE20D62B1C0018165D /* DemoAppUITests */ = {
			isa = PBXGroup;
			children = (
				E50D14BF20D62B1C0018165D /* DemoAppUITests.swift */,
				E50D14C120D62B1C0018165D /* Info.plist */,
			);
			path = DemoAppUITests;
			sourceTree = "<group>";
		};
		E5DE2BDA20D6DFAD00C416CE /* Models */ = {
			isa = PBXGroup;
			children = (
			);
			path = Models;
			sourceTree = "<group>";
		};
		E5DE2BDB20D6DFC600C416CE /* Views */ = {
			isa = PBXGroup;
			children = (
				E50D14A820D62B1C0018165D /* LaunchScreen.storyboard */,
				E50D14A320D62B1C0018165D /* Main.storyboard */,
			);
			path = Views;
			sourceTree = "<group>";
		};
		E5DE2BDC20D6DFCE00C416CE /* Controllers */ = {
			isa = PBXGroup;
			children = (
				E50D14A120D62B1C0018165D /* ViewController.swift */,
			);
			path = Controllers;
			sourceTree = "<group>";
		};
/* End PBXGroup section */

/* Begin PBXNativeTarget section */
		E50D149B20D62B1C0018165D /* DemoApp */ = {
			isa = PBXNativeTarget;
			buildConfigurationList = E50D14C420D62B1C0018165D /* Build configuration list for PBXNativeTarget "DemoApp" */;
			buildPhases = (
				E50D149820D62B1C0018165D /* Sources */,
				E50D149920D62B1C0018165D /* Frameworks */,
				E50D149A20D62B1C0018165D /* Resources */,
			);
			buildRules = (
			);
			dependencies = (
			);
			name = DemoApp;
			productName = DemoApp;
			productReference = E50D149C20D62B1C0018165D /* DemoApp.app */;
			productType = "com.apple.product-type.application";
		};
		E50D14AF20D62B1C0018165D /* DemoAppTests */ = {
			isa = PBXNativeTarget;
			buildConfigurationList = E50D14C720D62B1C0018165D /* Build configuration list for PBXNativeTarget "DemoAppTests" */;
			buildPhases = (
				E50D14AC20D62B1C0018165D /* Sources */,
				E50D14AD20D62B1C0018165D /* Frameworks */,
				E50D14AE20D62B1C0018165D /* Resources */,
			);
			buildRules = (
			);
			dependencies = (
				E50D14B220D62B1C0018165D /* PBXTargetDependency */,
			);
			name = DemoAppTests;
			productName = DemoAppTests;
			productReference = E50D14B020D62B1C0018165D /* DemoAppTests.xctest */;
			productType = "com.apple.product-type.bundle.unit-test";
		};
		E50D14BA20D62B1C0018165D /* DemoAppUITests */ = {
			isa = PBXNativeTarget;
			buildConfigurationList = E50D14CA20D62B1C0018165D /* Build configuration list for PBXNativeTarget "DemoAppUITests" */;
			buildPhases = (
				E50D14B720D62B1C0018165D /* Sources */,
				E50D14B820D62B1C0018165D /* Frameworks */,
				E50D14B920D62B1C0018165D /* Resources */,
			);
			buildRules = (
			);
			dependencies = (
				E50D14BD20D62B1C0018165D /* PBXTargetDependency */,
			);
			name = DemoAppUITests;
			productName = DemoAppUITests;
			productReference = E50D14BB20D62B1C0018165D /* DemoAppUITests.xctest */;
			productType = "com.apple.product-type.bundle.ui-testing";
		};
/* End PBXNativeTarget section */

/* Begin PBXProject section */
		E50D149420D62B1C0018165D /* Project object */ = {
			isa = PBXProject;
			attributes = {
				LastSwiftUpdateCheck = 0920;
				LastUpgradeCheck = 0920;
				ORGANIZATIONNAME = Socialis;
				TargetAttributes = {
					E50D149B20D62B1C0018165D = {
						CreatedOnToolsVersion = 9.2;
						ProvisioningStyle = Automatic;
					};
					E50D14AF20D62B1C0018165D = {
						CreatedOnToolsVersion = 9.2;
						ProvisioningStyle = Automatic;
						TestTargetID = E50D149B20D62B1C0018165D;
					};
					E50D14BA20D62B1C0018165D = {
						CreatedOnToolsVersion = 9.2;
						ProvisioningStyle = Automatic;
						TestTargetID = E50D149B20D62B1C0018165D;
					};
				};
			};
			buildConfigurationList = E50D149720D62B1C0018165D /* Build configuration list for PBXProject "DemoApp" */;
			compatibilityVersion = "Xcode 8.0";
			developmentRegion = en;
			hasScannedForEncodings = 0;
			knownRegions = (
				en,
				Base,
			);
			mainGroup = E50D149320D62B1C0018165D;
			productRefGroup = E50D149D20D62B1C0018165D /* Products */;
			projectDirPath = "";
			projectRoot = "";
			targets = (
				E50D149B20D62B1C0018165D /* DemoApp */,
				E50D14AF20D62B1C0018165D /* DemoAppTests */,
				E50D14BA20D62B1C0018165D /* DemoAppUITests */,
			);
		};
/* End PBXProject section */

/* Begin PBXResourcesBuildPhase section */
		E50D149A20D62B1C0018165D /* Resources */ = {
			isa = PBXResourcesBuildPhase;
			buildActionMask = 2147483647;
			files = (
				E50D14AA20D62B1C0018165D /* LaunchScreen.storyboard in Resources */,
				E50D14A720D62B1C0018165D /* Assets.xcassets in Resources */,
				E50D14A520D62B1C0018165D /* Main.storyboard in Resources */,
			);
			runOnlyForDeploymentPostprocessing = 0;
		};
		E50D14AE20D62B1C0018165D /* Resources */ = {
			isa = PBXResourcesBuildPhase;
			buildActionMask = 2147483647;
			files = (
			);
			runOnlyForDeploymentPostprocessing = 0;
		};
		E50D14B920D62B1C0018165D /* Resources */ = {
			isa = PBXResourcesBuildPhase;
			buildActionMask = 2147483647;
			files = (
			);
			runOnlyForDeploymentPostprocessing = 0;
		};
/* End PBXResourcesBuildPhase section */

/* Begin PBXSourcesBuildPhase section */
		E50D149820D62B1C0018165D /* Sources */ = {
			isa = PBXSourcesBuildPhase;
			buildActionMask = 2147483647;
			files = (
				E50D14A220D62B1C0018165D /* ViewController.swift in Sources */,
				E50D14A020D62B1C0018165D /* AppDelegate.swift in Sources */,
				E5DE2B5720D6862100C416CE /* RadioStation.swift in Sources */,
				E559486520DA9E3C00A30060 /* BookStoreModel.xcdatamodeld in Sources */,
			);
			runOnlyForDeploymentPostprocessing = 0;
		};
		E50D14AC20D62B1C0018165D /* Sources */ = {
			isa = PBXSourcesBuildPhase;
			buildActionMask = 2147483647;
			files = (
				E50D14B520D62B1C0018165D /* DemoAppTests.swift in Sources */,
			);
			runOnlyForDeploymentPostprocessing = 0;
		};
		E50D14B720D62B1C0018165D /* Sources */ = {
			isa = PBXSourcesBuildPhase;
			buildActionMask = 2147483647;
			files = (
				E50D14C020D62B1C0018165D /* DemoAppUITests.swift in Sources */,
			);
			runOnlyForDeploymentPostprocessing = 0;
		};
/* End PBXSourcesBuildPhase section */

/* Begin PBXTargetDependency section */
		E50D14B220D62B1C0018165D /* PBXTargetDependency */ = {
			isa = PBXTargetDependency;
			target = E50D149B20D62B1C0018165D /* DemoApp */;
			targetProxy = E50D14B120D62B1C0018165D /* PBXContainerItemProxy */;
		};
		E50D14BD20D62B1C0018165D /* PBXTargetDependency */ = {
			isa = PBXTargetDependency;
			target = E50D149B20D62B1C0018165D /* DemoApp */;
			targetProxy = E50D14BC20D62B1C0018165D /* PBXContainerItemProxy */;
		};
/* End PBXTargetDependency section */

/* Begin PBXVariantGroup section */
		E50D14A320D62B1C0018165D /* Main.storyboard */ = {
			isa = PBXVariantGroup;
			children = (
				E50D14A420D62B1C0018165D /* Base */,
			);
			name = Main.storyboard;
			sourceTree = "<group>";
		};
		E50D14A820D62B1C0018165D /* LaunchScreen.storyboard */ = {
			isa = PBXVariantGroup;
			children = (
				E50D14A920D62B1C0018165D /* Base */,
			);
			name = LaunchScreen.storyboard;
			sourceTree = "<group>";
		};
/* End PBXVariantGroup section */

/* Begin XCBuildConfiguration section */
		E50D14C220D62B1C0018165D /* Debug */ = {
			isa = XCBuildConfiguration;
			buildSettings = {
				ALWAYS_SEARCH_USER_PATHS = NO;
				CLANG_ANALYZER_NONNULL = YES;
				CLANG_ANALYZER_NUMBER_OBJECT_CONVERSION = YES_AGGRESSIVE;
				CLANG_CXX_LANGUAGE_STANDARD = "gnu++14";
				CLANG_CXX_LIBRARY = "libc++";
				CLANG_ENABLE_MODULES = YES;
				CLANG_ENABLE_OBJC_ARC = YES;
				CLANG_WARN_BLOCK_CAPTURE_AUTORELEASING = YES;
				CLANG_WARN_BOOL_CONVERSION = YES;
				CLANG_WARN_COMMA = YES;
				CLANG_WARN_CONSTANT_CONVERSION = YES;
				CLANG_WARN_DIRECT_OBJC_ISA_USAGE = YES_ERROR;
				CLANG_WARN_DOCUMENTATION_COMMENTS = YES;
				CLANG_WARN_EMPTY_BODY = YES;
				CLANG_WARN_ENUM_CONVERSION = YES;
				CLANG_WARN_INFINITE_RECURSION = YES;
				CLANG_WARN_INT_CONVERSION = YES;
				CLANG_WARN_NON_LITERAL_NULL_CONVERSION = YES;
				CLANG_WARN_OBJC_LITERAL_CONVERSION = YES;
				CLANG_WARN_OBJC_ROOT_CLASS = YES_ERROR;
				CLANG_WARN_RANGE_LOOP_ANALYSIS = YES;
				CLANG_WARN_STRICT_PROTOTYPES = YES;
				CLANG_WARN_SUSPICIOUS_MOVE = YES;
				CLANG_WARN_UNGUARDED_AVAILABILITY = YES_AGGRESSIVE;
				CLANG_WARN_UNREACHABLE_CODE = YES;
				CLANG_WARN__DUPLICATE_METHOD_MATCH = YES;
				CODE_SIGN_IDENTITY = "iPhone Developer";
				COPY_PHASE_STRIP = NO;
				DEBUG_INFORMATION_FORMAT = dwarf;
				ENABLE_STRICT_OBJC_MSGSEND = YES;
				ENABLE_TESTABILITY = YES;
				GCC_C_LANGUAGE_STANDARD = gnu11;
				GCC_DYNAMIC_NO_PIC = NO;
				GCC_NO_COMMON_BLOCKS = YES;
				GCC_OPTIMIZATION_LEVEL = 0;
				GCC_PREPROCESSOR_DEFINITIONS = (
					"DEBUG=1",
					"$(inherited)",
				);
				GCC_WARN_64_TO_32_BIT_CONVERSION = YES;
				GCC_WARN_ABOUT_RETURN_TYPE = YES_ERROR;
				GCC_WARN_UNDECLARED_SELECTOR = YES;
				GCC_WARN_UNINITIALIZED_AUTOS = YES_AGGRESSIVE;
				GCC_WARN_UNUSED_FUNCTION = YES;
				GCC_WARN_UNUSED_VARIABLE = YES;
				IPHONEOS_DEPLOYMENT_TARGET = 11.2;
				MTL_ENABLE_DEBUG_INFO = YES;
				ONLY_ACTIVE_ARCH = YES;
				SDKROOT = iphoneos;
				SWIFT_ACTIVE_COMPILATION_CONDITIONS = DEBUG;
				SWIFT_OPTIMIZATION_LEVEL = "-Onone";
			};
			name = Debug;
		};
		E50D14C320D62B1C0018165D /* Release */ = {
			isa = XCBuildConfiguration;
			buildSettings = {
				ALWAYS_SEARCH_USER_PATHS = NO;
				CLANG_ANALYZER_NONNULL = YES;
				CLANG_ANALYZER_NUMBER_OBJECT_CONVERSION = YES_AGGRESSIVE;
				CLANG_CXX_LANGUAGE_STANDARD = "gnu++14";
				CLANG_CXX_LIBRARY = "libc++";
				CLANG_ENABLE_MODULES = YES;
				CLANG_ENABLE_OBJC_ARC = YES;
				CLANG_WARN_BLOCK_CAPTURE_AUTORELEASING = YES;
				CLANG_WARN_BOOL_CONVERSION = YES;
				CLANG_WARN_COMMA = YES;
				CLANG_WARN_CONSTANT_CONVERSION = YES;
				CLANG_WARN_DIRECT_OBJC_ISA_USAGE = YES_ERROR;
				CLANG_WARN_DOCUMENTATION_COMMENTS = YES;
				CLANG_WARN_EMPTY_BODY = YES;
				CLANG_WARN_ENUM_CONVERSION = YES;
				CLANG_WARN_INFINITE_RECURSION = YES;
				CLANG_WARN_INT_CONVERSION = YES;
				CLANG_WARN_NON_LITERAL_NULL_CONVERSION = YES;
				CLANG_WARN_OBJC_LITERAL_CONVERSION = YES;
				CLANG_WARN_OBJC_ROOT_CLASS = YES_ERROR;
				CLANG_WARN_RANGE_LOOP_ANALYSIS = YES;
				CLANG_WARN_STRICT_PROTOTYPES = YES;
				CLANG_WARN_SUSPICIOUS_MOVE = YES;
				CLANG_WARN_UNGUARDED_AVAILABILITY = YES_AGGRESSIVE;
				CLANG_WARN_UNREACHABLE_CODE = YES;
				CLANG_WARN__DUPLICATE_METHOD_MATCH = YES;
				CODE_SIGN_IDENTITY = "iPhone Developer";
				COPY_PHASE_STRIP = NO;
				DEBUG_INFORMATION_FORMAT = "dwarf-with-dsym";
				ENABLE_NS_ASSERTIONS = NO;
				ENABLE_STRICT_OBJC_MSGSEND = YES;
				GCC_C_LANGUAGE_STANDARD = gnu11;
				GCC_NO_COMMON_BLOCKS = YES;
				GCC_WARN_64_TO_32_BIT_CONVERSION = YES;
				GCC_WARN_ABOUT_RETURN_TYPE = YES_ERROR;
				GCC_WARN_UNDECLARED_SELECTOR = YES;
				GCC_WARN_UNINITIALIZED_AUTOS = YES_AGGRESSIVE;
				GCC_WARN_UNUSED_FUNCTION = YES;
				GCC_WARN_UNUSED_VARIABLE = YES;
				IPHONEOS_DEPLOYMENT_TARGET = 11.2;
				MTL_ENABLE_DEBUG_INFO = NO;
				SDKROOT = iphoneos;
				SWIFT_OPTIMIZATION_LEVEL = "-Owholemodule";
				VALIDATE_PRODUCT = YES;
			};
			name = Release;
		};
		E50D14C520D62B1C0018165D /* Debug */ = {
			isa = XCBuildConfiguration;
			buildSettings = {
				ASSETCATALOG_COMPILER_APPICON_NAME = AppIcon;
				CODE_SIGN_STYLE = Automatic;
				INFOPLIST_FILE = DemoApp/Info.plist;
				LD_RUNPATH_SEARCH_PATHS = "$(inherited) @executable_path/Frameworks";
				PRODUCT_BUNDLE_IDENTIFIER = jp.co.socialis.DemoApp;
				PRODUCT_NAME = "$(TARGET_NAME)";
				SWIFT_VERSION = 4.0;
				TARGETED_DEVICE_FAMILY = "1,2";
			};
			name = Debug;
		};
		E50D14C620D62B1C0018165D /* Release */ = {
			isa = XCBuildConfiguration;
			buildSettings = {
				ASSETCATALOG_COMPILER_APPICON_NAME = AppIcon;
				CODE_SIGN_STYLE = Automatic;
				INFOPLIST_FILE = DemoApp/Info.plist;
				LD_RUNPATH_SEARCH_PATHS = "$(inherited) @executable_path/Frameworks";
				PRODUCT_BUNDLE_IDENTIFIER = jp.co.socialis.DemoApp;
				PRODUCT_NAME = "$(TARGET_NAME)";
				SWIFT_VERSION = 4.0;
				TARGETED_DEVICE_FAMILY = "1,2";
			};
			name = Release;
		};
		E50D14C820D62B1C0018165D /* Debug */ = {
			isa = XCBuildConfiguration;
			buildSettings = {
				ALWAYS_EMBED_SWIFT_STANDARD_LIBRARIES = YES;
				BUNDLE_LOADER = "$(TEST_HOST)";
				CODE_SIGN_STYLE = Automatic;
				INFOPLIST_FILE = DemoAppTests/Info.plist;
				LD_RUNPATH_SEARCH_PATHS = "$(inherited) @executable_path/Frameworks @loader_path/Frameworks";
				PRODUCT_BUNDLE_IDENTIFIER = jp.co.socialis.DemoAppTests;
				PRODUCT_NAME = "$(TARGET_NAME)";
				SWIFT_VERSION = 4.0;
				TARGETED_DEVICE_FAMILY = "1,2";
				TEST_HOST = "$(BUILT_PRODUCTS_DIR)/DemoApp.app/DemoApp";
			};
			name = Debug;
		};
		E50D14C920D62B1C0018165D /* Release */ = {
			isa = XCBuildConfiguration;
			buildSettings = {
				ALWAYS_EMBED_SWIFT_STANDARD_LIBRARIES = YES;
				BUNDLE_LOADER = "$(TEST_HOST)";
				CODE_SIGN_STYLE = Automatic;
				INFOPLIST_FILE = DemoAppTests/Info.plist;
				LD_RUNPATH_SEARCH_PATHS = "$(inherited) @executable_path/Frameworks @loader_path/Frameworks";
				PRODUCT_BUNDLE_IDENTIFIER = jp.co.socialis.DemoAppTests;
				PRODUCT_NAME = "$(TARGET_NAME)";
				SWIFT_VERSION = 4.0;
				TARGETED_DEVICE_FAMILY = "1,2";
				TEST_HOST = "$(BUILT_PRODUCTS_DIR)/DemoApp.app/DemoApp";
			};
			name = Release;
		};
		E50D14CB20D62B1C0018165D /* Debug */ = {
			isa = XCBuildConfiguration;
			buildSettings = {
				ALWAYS_EMBED_SWIFT_STANDARD_LIBRARIES = YES;
				CODE_SIGN_STYLE = Automatic;
				INFOPLIST_FILE = DemoAppUITests/Info.plist;
				LD_RUNPATH_SEARCH_PATHS = "$(inherited) @executable_path/Frameworks @loader_path/Frameworks";
				PRODUCT_BUNDLE_IDENTIFIER = jp.co.socialis.DemoAppUITests;
				PRODUCT_NAME = "$(TARGET_NAME)";
				SWIFT_VERSION = 4.0;
				TARGETED_DEVICE_FAMILY = "1,2";
				TEST_TARGET_NAME = DemoApp;
			};
			name = Debug;
		};
		E50D14CC20D62B1C0018165D /* Release */ = {
			isa = XCBuildConfiguration;
			buildSettings = {
				ALWAYS_EMBED_SWIFT_STANDARD_LIBRARIES = YES;
				CODE_SIGN_STYLE = Automatic;
				INFOPLIST_FILE = DemoAppUITests/Info.plist;
				LD_RUNPATH_SEARCH_PATHS = "$(inherited) @executable_path/Frameworks @loader_path/Frameworks";
				PRODUCT_BUNDLE_IDENTIFIER = jp.co.socialis.DemoAppUITests;
				PRODUCT_NAME = "$(TARGET_NAME)";
				SWIFT_VERSION = 4.0;
				TARGETED_DEVICE_FAMILY = "1,2";
				TEST_TARGET_NAME = DemoApp;
			};
			name = Release;
		};
/* End XCBuildConfiguration section */

/* Begin XCConfigurationList section */
		E50D149720D62B1C0018165D /* Build configuration list for PBXProject "DemoApp" */ = {
			isa = XCConfigurationList;
			buildConfigurations = (
				E50D14C220D62B1C0018165D /* Debug */,
				E50D14C320D62B1C0018165D /* Release */,
			);
			defaultConfigurationIsVisible = 0;
			defaultConfigurationName = Release;
		};
		E50D14C420D62B1C0018165D /* Build configuration list for PBXNativeTarget "DemoApp" */ = {
			isa = XCConfigurationList;
			buildConfigurations = (
				E50D14C520D62B1C0018165D /* Debug */,
				E50D14C620D62B1C0018165D /* Release */,
			);
			defaultConfigurationIsVisible = 0;
			defaultConfigurationName = Release;
		};
		E50D14C720D62B1C0018165D /* Build configuration list for PBXNativeTarget "DemoAppTests" */ = {
			isa = XCConfigurationList;
			buildConfigurations = (
				E50D14C820D62B1C0018165D /* Debug */,
				E50D14C920D62B1C0018165D /* Release */,
			);
			defaultConfigurationIsVisible = 0;
			defaultConfigurationName = Release;
		};
		E50D14CA20D62B1C0018165D /* Build configuration list for PBXNativeTarget "DemoAppUITests" */ = {
			isa = XCConfigurationList;
			buildConfigurations = (
				E50D14CB20D62B1C0018165D /* Debug */,
				E50D14CC20D62B1C0018165D /* Release */,
			);
			defaultConfigurationIsVisible = 0;
			defaultConfigurationName = Release;
		};
/* End XCConfigurationList section */

/* Begin XCVersionGroup section */
		E559486320DA9E3C00A30060 /* BookStoreModel.xcdatamodeld */ = {
			isa = XCVersionGroup;
			children = (
				E559486420DA9E3C00A30060 /* sampleModel.xcdatamodel */,
			);
			currentVersion = E559486420DA9E3C00A30060 /* sampleModel.xcdatamodel */;
			path = BookStoreModel.xcdatamodeld;
			sourceTree = "<group>";
			versionGroupType = wrapper.xcdatamodel;
		};
/* End XCVersionGroup section */
	};
	rootObject = E50D149420D62B1C0018165D /* Project object */;
}
